// !$*UTF8*$!
{
	archiveVersion = 1;
	classes = {
	};
	objectVersion = 56;
	objects = {

/* Begin PBXBuildFile section */
		3907F7922BEF1E31006139DF /* Transition.swift in Sources */ = {isa = PBXBuildFile; fileRef = 3907F7912BEF1E31006139DF /* Transition.swift */; };
		3907F7942BEF31F1006139DF /* CustomLabel.swift in Sources */ = {isa = PBXBuildFile; fileRef = 3907F7932BEF31F1006139DF /* CustomLabel.swift */; };
		3907F7962BEF3C03006139DF /* ProfileOptionButton.swift in Sources */ = {isa = PBXBuildFile; fileRef = 3907F7952BEF3C03006139DF /* ProfileOptionButton.swift */; };
		3907F7982BEF3C98006139DF /* NumberButton.swift in Sources */ = {isa = PBXBuildFile; fileRef = 3907F7972BEF3C98006139DF /* NumberButton.swift */; };
		3907F7A62BEF47D9006139DF /* PostModel.swift in Sources */ = {isa = PBXBuildFile; fileRef = 3907F7A52BEF47D9006139DF /* PostModel.swift */; };
		3907F7A82BEF4806006139DF /* BookModel.swift in Sources */ = {isa = PBXBuildFile; fileRef = 3907F7A72BEF4806006139DF /* BookModel.swift */; };
		3907F7AA2BEF4834006139DF /* CreatorModel.swift in Sources */ = {isa = PBXBuildFile; fileRef = 3907F7A92BEF4834006139DF /* CreatorModel.swift */; };
		3907F7AC2BEF485C006139DF /* CommentModel.swift in Sources */ = {isa = PBXBuildFile; fileRef = 3907F7AB2BEF485C006139DF /* CommentModel.swift */; };
		3907F7AE2BEF4884006139DF /* FileModel.swift in Sources */ = {isa = PBXBuildFile; fileRef = 3907F7AD2BEF4884006139DF /* FileModel.swift */; };
		3907F7B02BEF48A8006139DF /* LikeModel.swift in Sources */ = {isa = PBXBuildFile; fileRef = 3907F7AF2BEF48A8006139DF /* LikeModel.swift */; };
		3907F7B32BEF4924006139DF /* TokenModel.swift in Sources */ = {isa = PBXBuildFile; fileRef = 3907F7B22BEF4924006139DF /* TokenModel.swift */; };
		3907F7B52BEF4968006139DF /* SignUpModel.swift in Sources */ = {isa = PBXBuildFile; fileRef = 3907F7B42BEF4968006139DF /* SignUpModel.swift */; };
		3907F7B72BEF497E006139DF /* SignInModel.swift in Sources */ = {isa = PBXBuildFile; fileRef = 3907F7B62BEF497E006139DF /* SignInModel.swift */; };
		3907F7B92BEF4996006139DF /* MessageModel.swift in Sources */ = {isa = PBXBuildFile; fileRef = 3907F7B82BEF4996006139DF /* MessageModel.swift */; };
		3907F7BC2BEF49DE006139DF /* SelectFollowModel.swift in Sources */ = {isa = PBXBuildFile; fileRef = 3907F7BB2BEF49DE006139DF /* SelectFollowModel.swift */; };
		3907F7BE2BEF49F7006139DF /* FollowModel.swift in Sources */ = {isa = PBXBuildFile; fileRef = 3907F7BD2BEF49F7006139DF /* FollowModel.swift */; };
		3907F7C12BEF4A28006139DF /* ProfileModel.swift in Sources */ = {isa = PBXBuildFile; fileRef = 3907F7C02BEF4A28006139DF /* ProfileModel.swift */; };
		3907F7C32BEF4BDE006139DF /* ProfileQuery.swift in Sources */ = {isa = PBXBuildFile; fileRef = 3907F7C22BEF4BDE006139DF /* ProfileQuery.swift */; };
		3907F7C62BEF4C14006139DF /* PayValidationModel.swift in Sources */ = {isa = PBXBuildFile; fileRef = 3907F7C52BEF4C14006139DF /* PayValidationModel.swift */; };
		3907F7C82BEF4C2D006139DF /* PayQuery.swift in Sources */ = {isa = PBXBuildFile; fileRef = 3907F7C72BEF4C2D006139DF /* PayQuery.swift */; };
		393339E72BDDFF870053FAD0 /* HomeCollectionViewCell.swift in Sources */ = {isa = PBXBuildFile; fileRef = 393339E62BDDFF870053FAD0 /* HomeCollectionViewCell.swift */; };
		393339EB2BDE22B60053FAD0 /* StoryViewModel.swift in Sources */ = {isa = PBXBuildFile; fileRef = 393339EA2BDE22B60053FAD0 /* StoryViewModel.swift */; };
		393339ED2BDE693D0053FAD0 /* StoryView.swift in Sources */ = {isa = PBXBuildFile; fileRef = 393339EC2BDE693D0053FAD0 /* StoryView.swift */; };
		39333A562BDFFA540053FAD0 /* CustomTabBarController.swift in Sources */ = {isa = PBXBuildFile; fileRef = 39333A552BDFFA540053FAD0 /* CustomTabBarController.swift */; };
		39333A5E2BE0A0E40053FAD0 /* Hero in Frameworks */ = {isa = PBXBuildFile; productRef = 39333A5D2BE0A0E40053FAD0 /* Hero */; };
		39353FA12BCE4167008AF1D5 /* HomeViewController.swift in Sources */ = {isa = PBXBuildFile; fileRef = 39353FA02BCE4167008AF1D5 /* HomeViewController.swift */; };
		39353FA32BCE41F1008AF1D5 /* HomeViewModel.swift in Sources */ = {isa = PBXBuildFile; fileRef = 39353FA22BCE41F1008AF1D5 /* HomeViewModel.swift */; };
		39353FA52BCE5B06008AF1D5 /* HomeView.swift in Sources */ = {isa = PBXBuildFile; fileRef = 39353FA42BCE5B06008AF1D5 /* HomeView.swift */; };
		39353FA72BCE6E2E008AF1D5 /* HomeTableViewCell.swift in Sources */ = {isa = PBXBuildFile; fileRef = 39353FA62BCE6E2E008AF1D5 /* HomeTableViewCell.swift */; };
		39353FA92BCE6F7D008AF1D5 /* BaseTableViewCell.swift in Sources */ = {isa = PBXBuildFile; fileRef = 39353FA82BCE6F7D008AF1D5 /* BaseTableViewCell.swift */; };
		39353FAC2BCEC1C3008AF1D5 /* Kingfisher in Frameworks */ = {isa = PBXBuildFile; productRef = 39353FAB2BCEC1C3008AF1D5 /* Kingfisher */; };
		39353FC92BD0FC12008AF1D5 /* CommentViewController.swift in Sources */ = {isa = PBXBuildFile; fileRef = 39353FC82BD0FC12008AF1D5 /* CommentViewController.swift */; };
		39353FCB2BD0FFBB008AF1D5 /* CommentTableViewCell.swift in Sources */ = {isa = PBXBuildFile; fileRef = 39353FCA2BD0FFBB008AF1D5 /* CommentTableViewCell.swift */; };
		39353FCD2BD10086008AF1D5 /* CommentView.swift in Sources */ = {isa = PBXBuildFile; fileRef = 39353FCC2BD10086008AF1D5 /* CommentView.swift */; };
		39353FCF2BD10141008AF1D5 /* CommentViewModel.swift in Sources */ = {isa = PBXBuildFile; fileRef = 39353FCE2BD10141008AF1D5 /* CommentViewModel.swift */; };
		39353FD22BD1240E008AF1D5 /* CreateCommentQuery.swift in Sources */ = {isa = PBXBuildFile; fileRef = 39353FD12BD1240E008AF1D5 /* CreateCommentQuery.swift */; };
		39353FD42BD12427008AF1D5 /* CommentRouter.swift in Sources */ = {isa = PBXBuildFile; fileRef = 39353FD32BD12427008AF1D5 /* CommentRouter.swift */; };
		39353FD62BD13273008AF1D5 /* ProfileViewController.swift in Sources */ = {isa = PBXBuildFile; fileRef = 39353FD52BD13273008AF1D5 /* ProfileViewController.swift */; };
		39353FD92BD132A4008AF1D5 /* ProfileView.swift in Sources */ = {isa = PBXBuildFile; fileRef = 39353FD82BD132A4008AF1D5 /* ProfileView.swift */; };
		39353FDB2BD132B0008AF1D5 /* ProfileViewModel.swift in Sources */ = {isa = PBXBuildFile; fileRef = 39353FDA2BD132B0008AF1D5 /* ProfileViewModel.swift */; };
		39353FDE2BD138C0008AF1D5 /* ProfileRouter.swift in Sources */ = {isa = PBXBuildFile; fileRef = 39353FDD2BD138C0008AF1D5 /* ProfileRouter.swift */; };
		39353FE02BD13E87008AF1D5 /* PostCollectionViewCell.swift in Sources */ = {isa = PBXBuildFile; fileRef = 39353FDF2BD13E87008AF1D5 /* PostCollectionViewCell.swift */; };
		393540012BD3494F008AF1D5 /* OtherProfileViewController.swift in Sources */ = {isa = PBXBuildFile; fileRef = 393540002BD3494F008AF1D5 /* OtherProfileViewController.swift */; };
		393540032BD3495E008AF1D5 /* OtherProfileView.swift in Sources */ = {isa = PBXBuildFile; fileRef = 393540022BD3495E008AF1D5 /* OtherProfileView.swift */; };
		393540052BD3496E008AF1D5 /* OtherProfileViewModel.swift in Sources */ = {isa = PBXBuildFile; fileRef = 393540042BD3496E008AF1D5 /* OtherProfileViewModel.swift */; };
		393540082BD35579008AF1D5 /* SelectPostViewController.swift in Sources */ = {isa = PBXBuildFile; fileRef = 393540072BD35579008AF1D5 /* SelectPostViewController.swift */; };
		3935400A2BD35588008AF1D5 /* SelectPostView.swift in Sources */ = {isa = PBXBuildFile; fileRef = 393540092BD35588008AF1D5 /* SelectPostView.swift */; };
		3935400C2BD35596008AF1D5 /* SelectPostViewModel.swift in Sources */ = {isa = PBXBuildFile; fileRef = 3935400B2BD35596008AF1D5 /* SelectPostViewModel.swift */; };
		3935400F2BD39D7B008AF1D5 /* SearchViewController.swift in Sources */ = {isa = PBXBuildFile; fileRef = 3935400E2BD39D7B008AF1D5 /* SearchViewController.swift */; };
		393540112BD39D87008AF1D5 /* SearchViewModel.swift in Sources */ = {isa = PBXBuildFile; fileRef = 393540102BD39D87008AF1D5 /* SearchViewModel.swift */; };
		393540152BD3A658008AF1D5 /* SearchCollectionViewCell.swift in Sources */ = {isa = PBXBuildFile; fileRef = 393540142BD3A658008AF1D5 /* SearchCollectionViewCell.swift */; };
		393540182BD42214008AF1D5 /* BookCardView.swift in Sources */ = {isa = PBXBuildFile; fileRef = 393540172BD42214008AF1D5 /* BookCardView.swift */; };
		395081D72BE2A0A300EF4299 /* APIRequestInterceptor.swift in Sources */ = {isa = PBXBuildFile; fileRef = 395081D62BE2A0A300EF4299 /* APIRequestInterceptor.swift */; };
		395081DA2BE3298300EF4299 /* MarketPostViewModel.swift in Sources */ = {isa = PBXBuildFile; fileRef = 395081D92BE3298300EF4299 /* MarketPostViewModel.swift */; };
		395081DC2BE329A400EF4299 /* MarketPostView.swift in Sources */ = {isa = PBXBuildFile; fileRef = 395081DB2BE329A400EF4299 /* MarketPostView.swift */; };
		395081DE2BE329AE00EF4299 /* MarketPostViewController.swift in Sources */ = {isa = PBXBuildFile; fileRef = 395081DD2BE329AE00EF4299 /* MarketPostViewController.swift */; };
		395081E12BE32FA400EF4299 /* MarketSelectPostViewController.swift in Sources */ = {isa = PBXBuildFile; fileRef = 395081E02BE32FA400EF4299 /* MarketSelectPostViewController.swift */; };
		395081E32BE32FB500EF4299 /* MarketSelectPostViewModel.swift in Sources */ = {isa = PBXBuildFile; fileRef = 395081E22BE32FB500EF4299 /* MarketSelectPostViewModel.swift */; };
		395081E52BE32FCB00EF4299 /* MarketSelectPostView.swift in Sources */ = {isa = PBXBuildFile; fileRef = 395081E42BE32FCB00EF4299 /* MarketSelectPostView.swift */; };
		395081E82BE3432F00EF4299 /* MarketHomeViewController.swift in Sources */ = {isa = PBXBuildFile; fileRef = 395081E72BE3432F00EF4299 /* MarketHomeViewController.swift */; };
		395081EC2BE3434900EF4299 /* MarketHomeViewModel.swift in Sources */ = {isa = PBXBuildFile; fileRef = 395081EB2BE3434900EF4299 /* MarketHomeViewModel.swift */; };
		395081EE2BE34D5400EF4299 /* MarketHomeCollectionViewCell.swift in Sources */ = {isa = PBXBuildFile; fileRef = 395081ED2BE34D5400EF4299 /* MarketHomeCollectionViewCell.swift */; };
		395081F12BE3812400EF4299 /* MarketRouter.swift in Sources */ = {isa = PBXBuildFile; fileRef = 395081F02BE3812400EF4299 /* MarketRouter.swift */; };
		3953E8492BC987BD0070E13F /* CreatePostViewModel.swift in Sources */ = {isa = PBXBuildFile; fileRef = 3953E8482BC987BD0070E13F /* CreatePostViewModel.swift */; };
		3953E84B2BC987C80070E13F /* CreatePostViewController.swift in Sources */ = {isa = PBXBuildFile; fileRef = 3953E84A2BC987C80070E13F /* CreatePostViewController.swift */; };
		3953E84F2BC991840070E13F /* CreatePostQuery.swift in Sources */ = {isa = PBXBuildFile; fileRef = 3953E84E2BC991840070E13F /* CreatePostQuery.swift */; };
		3953E8512BC991DC0070E13F /* PostRouter.swift in Sources */ = {isa = PBXBuildFile; fileRef = 3953E8502BC991DC0070E13F /* PostRouter.swift */; };
		3953E8532BC992CB0070E13F /* PostNetworkManager.swift in Sources */ = {isa = PBXBuildFile; fileRef = 3953E8522BC992CB0070E13F /* PostNetworkManager.swift */; };
		3953E8552BCA235F0070E13F /* ViewModelType.swift in Sources */ = {isa = PBXBuildFile; fileRef = 3953E8542BCA235F0070E13F /* ViewModelType.swift */; };
		3953E85A2BCC16DE0070E13F /* SearchBookViewController.swift in Sources */ = {isa = PBXBuildFile; fileRef = 3953E8592BCC16DE0070E13F /* SearchBookViewController.swift */; };
		3953E85C2BCC19DC0070E13F /* SearchBookView.swift in Sources */ = {isa = PBXBuildFile; fileRef = 3953E85B2BCC19DC0070E13F /* SearchBookView.swift */; };
		3953E85E2BCC1F1B0070E13F /* SearchBookTableViewCell.swift in Sources */ = {isa = PBXBuildFile; fileRef = 3953E85D2BCC1F1B0070E13F /* SearchBookTableViewCell.swift */; };
		3953E8602BCC235B0070E13F /* SearchBookViewModel.swift in Sources */ = {isa = PBXBuildFile; fileRef = 3953E85F2BCC235B0070E13F /* SearchBookViewModel.swift */; };
		3953E8632BCC24CF0070E13F /* SearchBook.swift in Sources */ = {isa = PBXBuildFile; fileRef = 3953E8622BCC24CF0070E13F /* SearchBook.swift */; };
		395DEECB2BC7C08600488E50 /* AppDelegate.swift in Sources */ = {isa = PBXBuildFile; fileRef = 395DEECA2BC7C08600488E50 /* AppDelegate.swift */; };
		395DEECD2BC7C08600488E50 /* SceneDelegate.swift in Sources */ = {isa = PBXBuildFile; fileRef = 395DEECC2BC7C08600488E50 /* SceneDelegate.swift */; };
		395DEED42BC7C08800488E50 /* Assets.xcassets in Resources */ = {isa = PBXBuildFile; fileRef = 395DEED32BC7C08800488E50 /* Assets.xcassets */; };
		395DEEE32BC7C4D800488E50 /* SignUpViewController.swift in Sources */ = {isa = PBXBuildFile; fileRef = 395DEEE22BC7C4D800488E50 /* SignUpViewController.swift */; };
		395DEEE62BC7C57500488E50 /* BaseView.swift in Sources */ = {isa = PBXBuildFile; fileRef = 395DEEE52BC7C57500488E50 /* BaseView.swift */; };
		395DEEE92BC7C58600488E50 /* SnapKit in Frameworks */ = {isa = PBXBuildFile; productRef = 395DEEE82BC7C58600488E50 /* SnapKit */; };
		395DEEEB2BC7CB8900488E50 /* SignUpView.swift in Sources */ = {isa = PBXBuildFile; fileRef = 395DEEEA2BC7CB8900488E50 /* SignUpView.swift */; };
		395DEEEF2BC7CEB000488E50 /* BaseViewController.swift in Sources */ = {isa = PBXBuildFile; fileRef = 395DEEEE2BC7CEB000488E50 /* BaseViewController.swift */; };
		395DEEF22BC7CF3B00488E50 /* RxCocoa in Frameworks */ = {isa = PBXBuildFile; productRef = 395DEEF12BC7CF3B00488E50 /* RxCocoa */; };
		395DEEF42BC7CF3B00488E50 /* RxSwift in Frameworks */ = {isa = PBXBuildFile; productRef = 395DEEF32BC7CF3B00488E50 /* RxSwift */; };
		395DEEF62BC7CFD100488E50 /* SignUpViewModel.swift in Sources */ = {isa = PBXBuildFile; fileRef = 395DEEF52BC7CFD100488E50 /* SignUpViewModel.swift */; };
		395DEEF92BC7D48600488E50 /* SignUpQuery.swift in Sources */ = {isa = PBXBuildFile; fileRef = 395DEEF82BC7D48600488E50 /* SignUpQuery.swift */; };
		395DEEFB2BC7D95E00488E50 /* .gitignore in Resources */ = {isa = PBXBuildFile; fileRef = 395DEEFA2BC7D95E00488E50 /* .gitignore */; };
		395DEEFD2BC7D9A900488E50 /* APIKey.swift in Sources */ = {isa = PBXBuildFile; fileRef = 395DEEFC2BC7D9A900488E50 /* APIKey.swift */; };
		395DEEFF2BC7DA2700488E50 /* SignRouter.swift in Sources */ = {isa = PBXBuildFile; fileRef = 395DEEFE2BC7DA2700488E50 /* SignRouter.swift */; };
		395DEF022BC7DA7E00488E50 /* Alamofire in Frameworks */ = {isa = PBXBuildFile; productRef = 395DEF012BC7DA7E00488E50 /* Alamofire */; };
		395DEF042BC7DAA300488E50 /* TargetType.swift in Sources */ = {isa = PBXBuildFile; fileRef = 395DEF032BC7DAA300488E50 /* TargetType.swift */; };
		395DEF062BC7DB6F00488E50 /* HTTPHeader.swift in Sources */ = {isa = PBXBuildFile; fileRef = 395DEF052BC7DB6F00488E50 /* HTTPHeader.swift */; };
		395DEF082BC7DCDA00488E50 /* NetworkManager.swift in Sources */ = {isa = PBXBuildFile; fileRef = 395DEF072BC7DCDA00488E50 /* NetworkManager.swift */; };
		395DEF0B2BC7E65900488E50 /* SignInViewController.swift in Sources */ = {isa = PBXBuildFile; fileRef = 395DEF0A2BC7E65900488E50 /* SignInViewController.swift */; };
		395DEF0D2BC7E6F800488E50 /* SignInView.swift in Sources */ = {isa = PBXBuildFile; fileRef = 395DEF0C2BC7E6F800488E50 /* SignInView.swift */; };
		395DEF0F2BC7E79900488E50 /* SignInViewModel.swift in Sources */ = {isa = PBXBuildFile; fileRef = 395DEF0E2BC7E79900488E50 /* SignInViewModel.swift */; };
		395DEF112BC7E81E00488E50 /* SignInQuery.swift in Sources */ = {isa = PBXBuildFile; fileRef = 395DEF102BC7E81E00488E50 /* SignInQuery.swift */; };
		395DEF132BC8266400488E50 /* EmailValidationQuery.swift in Sources */ = {isa = PBXBuildFile; fileRef = 395DEF122BC8266300488E50 /* EmailValidationQuery.swift */; };
		395DEF1A2BC83D4400488E50 /* WithDrawViewModel.swift in Sources */ = {isa = PBXBuildFile; fileRef = 395DEF192BC83D4400488E50 /* WithDrawViewModel.swift */; };
		396993D02BE64E5100504902 /* BookWebViewController.swift in Sources */ = {isa = PBXBuildFile; fileRef = 396993CF2BE64E5100504902 /* BookWebViewController.swift */; };
		396993D32BE66B8300504902 /* Extension + UIVC.swift in Sources */ = {isa = PBXBuildFile; fileRef = 396993D22BE66B8300504902 /* Extension + UIVC.swift */; };
		396993D52BE66BA900504902 /* Extension + UIImage.swift in Sources */ = {isa = PBXBuildFile; fileRef = 396993D42BE66BA900504902 /* Extension + UIImage.swift */; };
		396993D72BE66BC300504902 /* Extension + String.swift in Sources */ = {isa = PBXBuildFile; fileRef = 396993D62BE66BC300504902 /* Extension + String.swift */; };
		396993D92BE670A800504902 /* Extension + Int.swift in Sources */ = {isa = PBXBuildFile; fileRef = 396993D82BE670A800504902 /* Extension + Int.swift */; };
		396993DC2BE68A4D00504902 /* IQKeyboardManagerSwift in Frameworks */ = {isa = PBXBuildFile; productRef = 396993DB2BE68A4D00504902 /* IQKeyboardManagerSwift */; };
		39C2E4B12BD52DA900885E88 /* EditPostViewModel.swift in Sources */ = {isa = PBXBuildFile; fileRef = 39C2E4B02BD52DA900885E88 /* EditPostViewModel.swift */; };
		39C2E4C72BD6312B00885E88 /* EditProfileView.swift in Sources */ = {isa = PBXBuildFile; fileRef = 39C2E4C62BD6312B00885E88 /* EditProfileView.swift */; };
		39C2E4C92BD6313B00885E88 /* EditProfileViewController.swift in Sources */ = {isa = PBXBuildFile; fileRef = 39C2E4C82BD6313B00885E88 /* EditProfileViewController.swift */; };
		39C2E4CB2BD6314400885E88 /* EditProfileViewModel.swift in Sources */ = {isa = PBXBuildFile; fileRef = 39C2E4CA2BD6314400885E88 /* EditProfileViewModel.swift */; };
		39C2E4CE2BD6BD5600885E88 /* Color.swift in Sources */ = {isa = PBXBuildFile; fileRef = 39C2E4CD2BD6BD5600885E88 /* Color.swift */; };
		39C2E4D32BD6CF8F00885E88 /* ProfilePostButton.swift in Sources */ = {isa = PBXBuildFile; fileRef = 39C2E4D22BD6CF8F00885E88 /* ProfilePostButton.swift */; };
		39C2E4D52BD6D1EC00885E88 /* ProfileEditButton.swift in Sources */ = {isa = PBXBuildFile; fileRef = 39C2E4D42BD6D1EC00885E88 /* ProfileEditButton.swift */; };
		39C2E4D72BD6D71F00885E88 /* CommentTextField.swift in Sources */ = {isa = PBXBuildFile; fileRef = 39C2E4D62BD6D71F00885E88 /* CommentTextField.swift */; };
		39C2E4D92BD6D7E500885E88 /* CommentButton.swift in Sources */ = {isa = PBXBuildFile; fileRef = 39C2E4D82BD6D7E500885E88 /* CommentButton.swift */; };
		39C2E4DB2BD6DAD500885E88 /* SignTextField.swift in Sources */ = {isa = PBXBuildFile; fileRef = 39C2E4DA2BD6DAD500885E88 /* SignTextField.swift */; };
		39E495E72BE405E7002780D1 /* iamport-ios in Frameworks */ = {isa = PBXBuildFile; productRef = 39E495E62BE405E7002780D1 /* iamport-ios */; };
		39E495F52BE4CDA7002780D1 /* ShoppingListViewController.swift in Sources */ = {isa = PBXBuildFile; fileRef = 39E495F42BE4CDA7002780D1 /* ShoppingListViewController.swift */; };
		39E495F72BE4D2F7002780D1 /* ShoppingListTableViewCell.swift in Sources */ = {isa = PBXBuildFile; fileRef = 39E495F62BE4D2F7002780D1 /* ShoppingListTableViewCell.swift */; };
		39E495F92BE4D82D002780D1 /* ShoppingListView.swift in Sources */ = {isa = PBXBuildFile; fileRef = 39E495F82BE4D82D002780D1 /* ShoppingListView.swift */; };
		39E495FB2BE4D886002780D1 /* ShoppingListViewModel.swift in Sources */ = {isa = PBXBuildFile; fileRef = 39E495FA2BE4D886002780D1 /* ShoppingListViewModel.swift */; };
		39E495FD2BE4E8D6002780D1 /* SoldOutView.swift in Sources */ = {isa = PBXBuildFile; fileRef = 39E495FC2BE4E8D6002780D1 /* SoldOutView.swift */; };
		39E495FF2BE52C4E002780D1 /* MarketMark.swift in Sources */ = {isa = PBXBuildFile; fileRef = 39E495FE2BE52C4E002780D1 /* MarketMark.swift */; };
		39F1A2D32BD7A20700AE388A /* PostCreateView.swift in Sources */ = {isa = PBXBuildFile; fileRef = 39F1A2D22BD7A20700AE388A /* PostCreateView.swift */; };
		39F1A2D72BD7A24F00AE388A /* InputImageCollectionViewCell.swift in Sources */ = {isa = PBXBuildFile; fileRef = 39F1A2D62BD7A24F00AE388A /* InputImageCollectionViewCell.swift */; };
		39F1A2D92BD7A58300AE388A /* InputImageButton.swift in Sources */ = {isa = PBXBuildFile; fileRef = 39F1A2D82BD7A58300AE388A /* InputImageButton.swift */; };
		39F1A2DD2BD8F6CF00AE388A /* FollowRouter.swift in Sources */ = {isa = PBXBuildFile; fileRef = 39F1A2DC2BD8F6CF00AE388A /* FollowRouter.swift */; };
		39F1A2E12BD8FBEE00AE388A /* Toast in Frameworks */ = {isa = PBXBuildFile; productRef = 39F1A2E02BD8FBEE00AE388A /* Toast */; };
		39F1A2E52BD9587E00AE388A /* Tabman in Frameworks */ = {isa = PBXBuildFile; productRef = 39F1A2E42BD9587E00AE388A /* Tabman */; };
		39F1A2E72BD9594300AE388A /* FollowViewController.swift in Sources */ = {isa = PBXBuildFile; fileRef = 39F1A2E62BD9594300AE388A /* FollowViewController.swift */; };
		39F1A2E92BD96FD200AE388A /* FollowListViewController.swift in Sources */ = {isa = PBXBuildFile; fileRef = 39F1A2E82BD96FD200AE388A /* FollowListViewController.swift */; };
		39F1A2EB2BD9702200AE388A /* FollowListView.swift in Sources */ = {isa = PBXBuildFile; fileRef = 39F1A2EA2BD9702200AE388A /* FollowListView.swift */; };
		39F1A2ED2BD9703700AE388A /* FollowListTableViewCell.swift in Sources */ = {isa = PBXBuildFile; fileRef = 39F1A2EC2BD9703700AE388A /* FollowListTableViewCell.swift */; };
		39F1A2EF2BD9746E00AE388A /* FollowViewModel.swift in Sources */ = {isa = PBXBuildFile; fileRef = 39F1A2EE2BD9746E00AE388A /* FollowViewModel.swift */; };
		39F1A2FA2BDCB84E00AE388A /* StoryViewController.swift in Sources */ = {isa = PBXBuildFile; fileRef = 39F1A2F92BDCB84E00AE388A /* StoryViewController.swift */; };
/* End PBXBuildFile section */

/* Begin PBXFileReference section */
		3907F7912BEF1E31006139DF /* Transition.swift */ = {isa = PBXFileReference; lastKnownFileType = sourcecode.swift; path = Transition.swift; sourceTree = "<group>"; };
		3907F7932BEF31F1006139DF /* CustomLabel.swift */ = {isa = PBXFileReference; lastKnownFileType = sourcecode.swift; path = CustomLabel.swift; sourceTree = "<group>"; };
		3907F7952BEF3C03006139DF /* ProfileOptionButton.swift */ = {isa = PBXFileReference; lastKnownFileType = sourcecode.swift; path = ProfileOptionButton.swift; sourceTree = "<group>"; };
		3907F7972BEF3C98006139DF /* NumberButton.swift */ = {isa = PBXFileReference; lastKnownFileType = sourcecode.swift; path = NumberButton.swift; sourceTree = "<group>"; };
		3907F7A52BEF47D9006139DF /* PostModel.swift */ = {isa = PBXFileReference; lastKnownFileType = sourcecode.swift; path = PostModel.swift; sourceTree = "<group>"; };
		3907F7A72BEF4806006139DF /* BookModel.swift */ = {isa = PBXFileReference; lastKnownFileType = sourcecode.swift; path = BookModel.swift; sourceTree = "<group>"; };
		3907F7A92BEF4834006139DF /* CreatorModel.swift */ = {isa = PBXFileReference; lastKnownFileType = sourcecode.swift; path = CreatorModel.swift; sourceTree = "<group>"; };
		3907F7AB2BEF485C006139DF /* CommentModel.swift */ = {isa = PBXFileReference; lastKnownFileType = sourcecode.swift; path = CommentModel.swift; sourceTree = "<group>"; };
		3907F7AD2BEF4884006139DF /* FileModel.swift */ = {isa = PBXFileReference; lastKnownFileType = sourcecode.swift; path = FileModel.swift; sourceTree = "<group>"; };
		3907F7AF2BEF48A8006139DF /* LikeModel.swift */ = {isa = PBXFileReference; lastKnownFileType = sourcecode.swift; path = LikeModel.swift; sourceTree = "<group>"; };
		3907F7B22BEF4924006139DF /* TokenModel.swift */ = {isa = PBXFileReference; lastKnownFileType = sourcecode.swift; path = TokenModel.swift; sourceTree = "<group>"; };
		3907F7B42BEF4968006139DF /* SignUpModel.swift */ = {isa = PBXFileReference; lastKnownFileType = sourcecode.swift; path = SignUpModel.swift; sourceTree = "<group>"; };
		3907F7B62BEF497E006139DF /* SignInModel.swift */ = {isa = PBXFileReference; lastKnownFileType = sourcecode.swift; path = SignInModel.swift; sourceTree = "<group>"; };
		3907F7B82BEF4996006139DF /* MessageModel.swift */ = {isa = PBXFileReference; lastKnownFileType = sourcecode.swift; path = MessageModel.swift; sourceTree = "<group>"; };
		3907F7BB2BEF49DE006139DF /* SelectFollowModel.swift */ = {isa = PBXFileReference; lastKnownFileType = sourcecode.swift; path = SelectFollowModel.swift; sourceTree = "<group>"; };
		3907F7BD2BEF49F7006139DF /* FollowModel.swift */ = {isa = PBXFileReference; lastKnownFileType = sourcecode.swift; path = FollowModel.swift; sourceTree = "<group>"; };
		3907F7C02BEF4A28006139DF /* ProfileModel.swift */ = {isa = PBXFileReference; lastKnownFileType = sourcecode.swift; path = ProfileModel.swift; sourceTree = "<group>"; };
		3907F7C22BEF4BDE006139DF /* ProfileQuery.swift */ = {isa = PBXFileReference; lastKnownFileType = sourcecode.swift; path = ProfileQuery.swift; sourceTree = "<group>"; };
		3907F7C52BEF4C14006139DF /* PayValidationModel.swift */ = {isa = PBXFileReference; lastKnownFileType = sourcecode.swift; path = PayValidationModel.swift; sourceTree = "<group>"; };
		3907F7C72BEF4C2D006139DF /* PayQuery.swift */ = {isa = PBXFileReference; lastKnownFileType = sourcecode.swift; path = PayQuery.swift; sourceTree = "<group>"; };
		393339E62BDDFF870053FAD0 /* HomeCollectionViewCell.swift */ = {isa = PBXFileReference; lastKnownFileType = sourcecode.swift; path = HomeCollectionViewCell.swift; sourceTree = "<group>"; };
		393339EA2BDE22B60053FAD0 /* StoryViewModel.swift */ = {isa = PBXFileReference; lastKnownFileType = sourcecode.swift; path = StoryViewModel.swift; sourceTree = "<group>"; };
		393339EC2BDE693D0053FAD0 /* StoryView.swift */ = {isa = PBXFileReference; lastKnownFileType = sourcecode.swift; path = StoryView.swift; sourceTree = "<group>"; };
		39333A552BDFFA540053FAD0 /* CustomTabBarController.swift */ = {isa = PBXFileReference; lastKnownFileType = sourcecode.swift; path = CustomTabBarController.swift; sourceTree = "<group>"; };
		39353FA02BCE4167008AF1D5 /* HomeViewController.swift */ = {isa = PBXFileReference; lastKnownFileType = sourcecode.swift; path = HomeViewController.swift; sourceTree = "<group>"; };
		39353FA22BCE41F1008AF1D5 /* HomeViewModel.swift */ = {isa = PBXFileReference; lastKnownFileType = sourcecode.swift; path = HomeViewModel.swift; sourceTree = "<group>"; };
		39353FA42BCE5B06008AF1D5 /* HomeView.swift */ = {isa = PBXFileReference; lastKnownFileType = sourcecode.swift; path = HomeView.swift; sourceTree = "<group>"; };
		39353FA62BCE6E2E008AF1D5 /* HomeTableViewCell.swift */ = {isa = PBXFileReference; lastKnownFileType = sourcecode.swift; path = HomeTableViewCell.swift; sourceTree = "<group>"; };
		39353FA82BCE6F7D008AF1D5 /* BaseTableViewCell.swift */ = {isa = PBXFileReference; lastKnownFileType = sourcecode.swift; path = BaseTableViewCell.swift; sourceTree = "<group>"; };
		39353FC82BD0FC12008AF1D5 /* CommentViewController.swift */ = {isa = PBXFileReference; lastKnownFileType = sourcecode.swift; path = CommentViewController.swift; sourceTree = "<group>"; };
		39353FCA2BD0FFBB008AF1D5 /* CommentTableViewCell.swift */ = {isa = PBXFileReference; lastKnownFileType = sourcecode.swift; path = CommentTableViewCell.swift; sourceTree = "<group>"; };
		39353FCC2BD10086008AF1D5 /* CommentView.swift */ = {isa = PBXFileReference; lastKnownFileType = sourcecode.swift; path = CommentView.swift; sourceTree = "<group>"; };
		39353FCE2BD10141008AF1D5 /* CommentViewModel.swift */ = {isa = PBXFileReference; lastKnownFileType = sourcecode.swift; path = CommentViewModel.swift; sourceTree = "<group>"; };
		39353FD12BD1240E008AF1D5 /* CreateCommentQuery.swift */ = {isa = PBXFileReference; lastKnownFileType = sourcecode.swift; path = CreateCommentQuery.swift; sourceTree = "<group>"; };
		39353FD32BD12427008AF1D5 /* CommentRouter.swift */ = {isa = PBXFileReference; lastKnownFileType = sourcecode.swift; path = CommentRouter.swift; sourceTree = "<group>"; };
		39353FD52BD13273008AF1D5 /* ProfileViewController.swift */ = {isa = PBXFileReference; lastKnownFileType = sourcecode.swift; path = ProfileViewController.swift; sourceTree = "<group>"; };
		39353FD82BD132A4008AF1D5 /* ProfileView.swift */ = {isa = PBXFileReference; lastKnownFileType = sourcecode.swift; path = ProfileView.swift; sourceTree = "<group>"; };
		39353FDA2BD132B0008AF1D5 /* ProfileViewModel.swift */ = {isa = PBXFileReference; lastKnownFileType = sourcecode.swift; path = ProfileViewModel.swift; sourceTree = "<group>"; };
		39353FDD2BD138C0008AF1D5 /* ProfileRouter.swift */ = {isa = PBXFileReference; lastKnownFileType = sourcecode.swift; path = ProfileRouter.swift; sourceTree = "<group>"; };
		39353FDF2BD13E87008AF1D5 /* PostCollectionViewCell.swift */ = {isa = PBXFileReference; lastKnownFileType = sourcecode.swift; path = PostCollectionViewCell.swift; sourceTree = "<group>"; };
		393540002BD3494F008AF1D5 /* OtherProfileViewController.swift */ = {isa = PBXFileReference; lastKnownFileType = sourcecode.swift; path = OtherProfileViewController.swift; sourceTree = "<group>"; };
		393540022BD3495E008AF1D5 /* OtherProfileView.swift */ = {isa = PBXFileReference; lastKnownFileType = sourcecode.swift; path = OtherProfileView.swift; sourceTree = "<group>"; };
		393540042BD3496E008AF1D5 /* OtherProfileViewModel.swift */ = {isa = PBXFileReference; lastKnownFileType = sourcecode.swift; path = OtherProfileViewModel.swift; sourceTree = "<group>"; };
		393540072BD35579008AF1D5 /* SelectPostViewController.swift */ = {isa = PBXFileReference; lastKnownFileType = sourcecode.swift; path = SelectPostViewController.swift; sourceTree = "<group>"; };
		393540092BD35588008AF1D5 /* SelectPostView.swift */ = {isa = PBXFileReference; lastKnownFileType = sourcecode.swift; path = SelectPostView.swift; sourceTree = "<group>"; };
		3935400B2BD35596008AF1D5 /* SelectPostViewModel.swift */ = {isa = PBXFileReference; lastKnownFileType = sourcecode.swift; path = SelectPostViewModel.swift; sourceTree = "<group>"; };
		3935400E2BD39D7B008AF1D5 /* SearchViewController.swift */ = {isa = PBXFileReference; lastKnownFileType = sourcecode.swift; path = SearchViewController.swift; sourceTree = "<group>"; };
		393540102BD39D87008AF1D5 /* SearchViewModel.swift */ = {isa = PBXFileReference; lastKnownFileType = sourcecode.swift; path = SearchViewModel.swift; sourceTree = "<group>"; };
		393540142BD3A658008AF1D5 /* SearchCollectionViewCell.swift */ = {isa = PBXFileReference; lastKnownFileType = sourcecode.swift; path = SearchCollectionViewCell.swift; sourceTree = "<group>"; };
		393540172BD42214008AF1D5 /* BookCardView.swift */ = {isa = PBXFileReference; lastKnownFileType = sourcecode.swift; path = BookCardView.swift; sourceTree = "<group>"; };
		395081D62BE2A0A300EF4299 /* APIRequestInterceptor.swift */ = {isa = PBXFileReference; lastKnownFileType = sourcecode.swift; path = APIRequestInterceptor.swift; sourceTree = "<group>"; };
		395081D92BE3298300EF4299 /* MarketPostViewModel.swift */ = {isa = PBXFileReference; lastKnownFileType = sourcecode.swift; path = MarketPostViewModel.swift; sourceTree = "<group>"; };
		395081DB2BE329A400EF4299 /* MarketPostView.swift */ = {isa = PBXFileReference; lastKnownFileType = sourcecode.swift; path = MarketPostView.swift; sourceTree = "<group>"; };
		395081DD2BE329AE00EF4299 /* MarketPostViewController.swift */ = {isa = PBXFileReference; lastKnownFileType = sourcecode.swift; path = MarketPostViewController.swift; sourceTree = "<group>"; };
		395081E02BE32FA400EF4299 /* MarketSelectPostViewController.swift */ = {isa = PBXFileReference; lastKnownFileType = sourcecode.swift; path = MarketSelectPostViewController.swift; sourceTree = "<group>"; };
		395081E22BE32FB500EF4299 /* MarketSelectPostViewModel.swift */ = {isa = PBXFileReference; lastKnownFileType = sourcecode.swift; path = MarketSelectPostViewModel.swift; sourceTree = "<group>"; };
		395081E42BE32FCB00EF4299 /* MarketSelectPostView.swift */ = {isa = PBXFileReference; lastKnownFileType = sourcecode.swift; path = MarketSelectPostView.swift; sourceTree = "<group>"; };
		395081E72BE3432F00EF4299 /* MarketHomeViewController.swift */ = {isa = PBXFileReference; lastKnownFileType = sourcecode.swift; path = MarketHomeViewController.swift; sourceTree = "<group>"; };
		395081EB2BE3434900EF4299 /* MarketHomeViewModel.swift */ = {isa = PBXFileReference; lastKnownFileType = sourcecode.swift; path = MarketHomeViewModel.swift; sourceTree = "<group>"; };
		395081ED2BE34D5400EF4299 /* MarketHomeCollectionViewCell.swift */ = {isa = PBXFileReference; lastKnownFileType = sourcecode.swift; path = MarketHomeCollectionViewCell.swift; sourceTree = "<group>"; };
		395081F02BE3812400EF4299 /* MarketRouter.swift */ = {isa = PBXFileReference; lastKnownFileType = sourcecode.swift; path = MarketRouter.swift; sourceTree = "<group>"; };
		3953E8482BC987BD0070E13F /* CreatePostViewModel.swift */ = {isa = PBXFileReference; lastKnownFileType = sourcecode.swift; path = CreatePostViewModel.swift; sourceTree = "<group>"; };
		3953E84A2BC987C80070E13F /* CreatePostViewController.swift */ = {isa = PBXFileReference; lastKnownFileType = sourcecode.swift; path = CreatePostViewController.swift; sourceTree = "<group>"; };
		3953E84E2BC991840070E13F /* CreatePostQuery.swift */ = {isa = PBXFileReference; lastKnownFileType = sourcecode.swift; path = CreatePostQuery.swift; sourceTree = "<group>"; };
		3953E8502BC991DC0070E13F /* PostRouter.swift */ = {isa = PBXFileReference; lastKnownFileType = sourcecode.swift; path = PostRouter.swift; sourceTree = "<group>"; };
		3953E8522BC992CB0070E13F /* PostNetworkManager.swift */ = {isa = PBXFileReference; lastKnownFileType = sourcecode.swift; path = PostNetworkManager.swift; sourceTree = "<group>"; };
		3953E8542BCA235F0070E13F /* ViewModelType.swift */ = {isa = PBXFileReference; lastKnownFileType = sourcecode.swift; path = ViewModelType.swift; sourceTree = "<group>"; };
		3953E8592BCC16DE0070E13F /* SearchBookViewController.swift */ = {isa = PBXFileReference; lastKnownFileType = sourcecode.swift; path = SearchBookViewController.swift; sourceTree = "<group>"; };
		3953E85B2BCC19DC0070E13F /* SearchBookView.swift */ = {isa = PBXFileReference; lastKnownFileType = sourcecode.swift; path = SearchBookView.swift; sourceTree = "<group>"; };
		3953E85D2BCC1F1B0070E13F /* SearchBookTableViewCell.swift */ = {isa = PBXFileReference; lastKnownFileType = sourcecode.swift; path = SearchBookTableViewCell.swift; sourceTree = "<group>"; };
		3953E85F2BCC235B0070E13F /* SearchBookViewModel.swift */ = {isa = PBXFileReference; lastKnownFileType = sourcecode.swift; path = SearchBookViewModel.swift; sourceTree = "<group>"; };
		3953E8622BCC24CF0070E13F /* SearchBook.swift */ = {isa = PBXFileReference; lastKnownFileType = sourcecode.swift; path = SearchBook.swift; sourceTree = "<group>"; };
		395DEEC72BC7C08600488E50 /* BookSNS.app */ = {isa = PBXFileReference; explicitFileType = wrapper.application; includeInIndex = 0; path = BookSNS.app; sourceTree = BUILT_PRODUCTS_DIR; };
		395DEECA2BC7C08600488E50 /* AppDelegate.swift */ = {isa = PBXFileReference; lastKnownFileType = sourcecode.swift; path = AppDelegate.swift; sourceTree = "<group>"; };
		395DEECC2BC7C08600488E50 /* SceneDelegate.swift */ = {isa = PBXFileReference; lastKnownFileType = sourcecode.swift; path = SceneDelegate.swift; sourceTree = "<group>"; };
		395DEED32BC7C08800488E50 /* Assets.xcassets */ = {isa = PBXFileReference; lastKnownFileType = folder.assetcatalog; path = Assets.xcassets; sourceTree = "<group>"; };
		395DEED82BC7C08800488E50 /* Info.plist */ = {isa = PBXFileReference; lastKnownFileType = text.plist.xml; path = Info.plist; sourceTree = "<group>"; };
		395DEEE22BC7C4D800488E50 /* SignUpViewController.swift */ = {isa = PBXFileReference; lastKnownFileType = sourcecode.swift; path = SignUpViewController.swift; sourceTree = "<group>"; };
		395DEEE52BC7C57500488E50 /* BaseView.swift */ = {isa = PBXFileReference; lastKnownFileType = sourcecode.swift; path = BaseView.swift; sourceTree = "<group>"; };
		395DEEEA2BC7CB8900488E50 /* SignUpView.swift */ = {isa = PBXFileReference; lastKnownFileType = sourcecode.swift; path = SignUpView.swift; sourceTree = "<group>"; };
		395DEEEE2BC7CEB000488E50 /* BaseViewController.swift */ = {isa = PBXFileReference; lastKnownFileType = sourcecode.swift; path = BaseViewController.swift; sourceTree = "<group>"; };
		395DEEF52BC7CFD100488E50 /* SignUpViewModel.swift */ = {isa = PBXFileReference; lastKnownFileType = sourcecode.swift; path = SignUpViewModel.swift; sourceTree = "<group>"; };
		395DEEF82BC7D48600488E50 /* SignUpQuery.swift */ = {isa = PBXFileReference; lastKnownFileType = sourcecode.swift; path = SignUpQuery.swift; sourceTree = "<group>"; };
		395DEEFA2BC7D95E00488E50 /* .gitignore */ = {isa = PBXFileReference; lastKnownFileType = text; path = .gitignore; sourceTree = "<group>"; };
		395DEEFC2BC7D9A900488E50 /* APIKey.swift */ = {isa = PBXFileReference; lastKnownFileType = sourcecode.swift; path = APIKey.swift; sourceTree = "<group>"; };
		395DEEFE2BC7DA2700488E50 /* SignRouter.swift */ = {isa = PBXFileReference; lastKnownFileType = sourcecode.swift; path = SignRouter.swift; sourceTree = "<group>"; };
		395DEF032BC7DAA300488E50 /* TargetType.swift */ = {isa = PBXFileReference; lastKnownFileType = sourcecode.swift; path = TargetType.swift; sourceTree = "<group>"; };
		395DEF052BC7DB6F00488E50 /* HTTPHeader.swift */ = {isa = PBXFileReference; lastKnownFileType = sourcecode.swift; path = HTTPHeader.swift; sourceTree = "<group>"; };
		395DEF072BC7DCDA00488E50 /* NetworkManager.swift */ = {isa = PBXFileReference; lastKnownFileType = sourcecode.swift; path = NetworkManager.swift; sourceTree = "<group>"; };
		395DEF0A2BC7E65900488E50 /* SignInViewController.swift */ = {isa = PBXFileReference; lastKnownFileType = sourcecode.swift; path = SignInViewController.swift; sourceTree = "<group>"; };
		395DEF0C2BC7E6F800488E50 /* SignInView.swift */ = {isa = PBXFileReference; lastKnownFileType = sourcecode.swift; path = SignInView.swift; sourceTree = "<group>"; };
		395DEF0E2BC7E79900488E50 /* SignInViewModel.swift */ = {isa = PBXFileReference; lastKnownFileType = sourcecode.swift; path = SignInViewModel.swift; sourceTree = "<group>"; };
		395DEF102BC7E81E00488E50 /* SignInQuery.swift */ = {isa = PBXFileReference; lastKnownFileType = sourcecode.swift; path = SignInQuery.swift; sourceTree = "<group>"; };
		395DEF122BC8266300488E50 /* EmailValidationQuery.swift */ = {isa = PBXFileReference; lastKnownFileType = sourcecode.swift; path = EmailValidationQuery.swift; sourceTree = "<group>"; };
		395DEF192BC83D4400488E50 /* WithDrawViewModel.swift */ = {isa = PBXFileReference; lastKnownFileType = sourcecode.swift; path = WithDrawViewModel.swift; sourceTree = "<group>"; };
		396993CF2BE64E5100504902 /* BookWebViewController.swift */ = {isa = PBXFileReference; lastKnownFileType = sourcecode.swift; path = BookWebViewController.swift; sourceTree = "<group>"; };
		396993D22BE66B8300504902 /* Extension + UIVC.swift */ = {isa = PBXFileReference; lastKnownFileType = sourcecode.swift; path = "Extension + UIVC.swift"; sourceTree = "<group>"; };
		396993D42BE66BA900504902 /* Extension + UIImage.swift */ = {isa = PBXFileReference; lastKnownFileType = sourcecode.swift; path = "Extension + UIImage.swift"; sourceTree = "<group>"; };
		396993D62BE66BC300504902 /* Extension + String.swift */ = {isa = PBXFileReference; lastKnownFileType = sourcecode.swift; path = "Extension + String.swift"; sourceTree = "<group>"; };
		396993D82BE670A800504902 /* Extension + Int.swift */ = {isa = PBXFileReference; lastKnownFileType = sourcecode.swift; path = "Extension + Int.swift"; sourceTree = "<group>"; };
		39C2E4B02BD52DA900885E88 /* EditPostViewModel.swift */ = {isa = PBXFileReference; lastKnownFileType = sourcecode.swift; path = EditPostViewModel.swift; sourceTree = "<group>"; };
		39C2E4C62BD6312B00885E88 /* EditProfileView.swift */ = {isa = PBXFileReference; lastKnownFileType = sourcecode.swift; path = EditProfileView.swift; sourceTree = "<group>"; };
		39C2E4C82BD6313B00885E88 /* EditProfileViewController.swift */ = {isa = PBXFileReference; lastKnownFileType = sourcecode.swift; path = EditProfileViewController.swift; sourceTree = "<group>"; };
		39C2E4CA2BD6314400885E88 /* EditProfileViewModel.swift */ = {isa = PBXFileReference; lastKnownFileType = sourcecode.swift; path = EditProfileViewModel.swift; sourceTree = "<group>"; };
		39C2E4CD2BD6BD5600885E88 /* Color.swift */ = {isa = PBXFileReference; lastKnownFileType = sourcecode.swift; path = Color.swift; sourceTree = "<group>"; };
		39C2E4D22BD6CF8F00885E88 /* ProfilePostButton.swift */ = {isa = PBXFileReference; lastKnownFileType = sourcecode.swift; path = ProfilePostButton.swift; sourceTree = "<group>"; };
		39C2E4D42BD6D1EC00885E88 /* ProfileEditButton.swift */ = {isa = PBXFileReference; lastKnownFileType = sourcecode.swift; path = ProfileEditButton.swift; sourceTree = "<group>"; };
		39C2E4D62BD6D71F00885E88 /* CommentTextField.swift */ = {isa = PBXFileReference; lastKnownFileType = sourcecode.swift; path = CommentTextField.swift; sourceTree = "<group>"; };
		39C2E4D82BD6D7E500885E88 /* CommentButton.swift */ = {isa = PBXFileReference; lastKnownFileType = sourcecode.swift; path = CommentButton.swift; sourceTree = "<group>"; };
		39C2E4DA2BD6DAD500885E88 /* SignTextField.swift */ = {isa = PBXFileReference; lastKnownFileType = sourcecode.swift; path = SignTextField.swift; sourceTree = "<group>"; };
		39E495F42BE4CDA7002780D1 /* ShoppingListViewController.swift */ = {isa = PBXFileReference; lastKnownFileType = sourcecode.swift; path = ShoppingListViewController.swift; sourceTree = "<group>"; };
		39E495F62BE4D2F7002780D1 /* ShoppingListTableViewCell.swift */ = {isa = PBXFileReference; lastKnownFileType = sourcecode.swift; path = ShoppingListTableViewCell.swift; sourceTree = "<group>"; };
		39E495F82BE4D82D002780D1 /* ShoppingListView.swift */ = {isa = PBXFileReference; lastKnownFileType = sourcecode.swift; path = ShoppingListView.swift; sourceTree = "<group>"; };
		39E495FA2BE4D886002780D1 /* ShoppingListViewModel.swift */ = {isa = PBXFileReference; lastKnownFileType = sourcecode.swift; path = ShoppingListViewModel.swift; sourceTree = "<group>"; };
		39E495FC2BE4E8D6002780D1 /* SoldOutView.swift */ = {isa = PBXFileReference; lastKnownFileType = sourcecode.swift; path = SoldOutView.swift; sourceTree = "<group>"; };
		39E495FE2BE52C4E002780D1 /* MarketMark.swift */ = {isa = PBXFileReference; lastKnownFileType = sourcecode.swift; path = MarketMark.swift; sourceTree = "<group>"; };
		39F1A2D22BD7A20700AE388A /* PostCreateView.swift */ = {isa = PBXFileReference; lastKnownFileType = sourcecode.swift; path = PostCreateView.swift; sourceTree = "<group>"; };
		39F1A2D62BD7A24F00AE388A /* InputImageCollectionViewCell.swift */ = {isa = PBXFileReference; lastKnownFileType = sourcecode.swift; path = InputImageCollectionViewCell.swift; sourceTree = "<group>"; };
		39F1A2D82BD7A58300AE388A /* InputImageButton.swift */ = {isa = PBXFileReference; lastKnownFileType = sourcecode.swift; path = InputImageButton.swift; sourceTree = "<group>"; };
		39F1A2DC2BD8F6CF00AE388A /* FollowRouter.swift */ = {isa = PBXFileReference; lastKnownFileType = sourcecode.swift; path = FollowRouter.swift; sourceTree = "<group>"; };
		39F1A2E62BD9594300AE388A /* FollowViewController.swift */ = {isa = PBXFileReference; lastKnownFileType = sourcecode.swift; path = FollowViewController.swift; sourceTree = "<group>"; };
		39F1A2E82BD96FD200AE388A /* FollowListViewController.swift */ = {isa = PBXFileReference; lastKnownFileType = sourcecode.swift; path = FollowListViewController.swift; sourceTree = "<group>"; };
		39F1A2EA2BD9702200AE388A /* FollowListView.swift */ = {isa = PBXFileReference; lastKnownFileType = sourcecode.swift; path = FollowListView.swift; sourceTree = "<group>"; };
		39F1A2EC2BD9703700AE388A /* FollowListTableViewCell.swift */ = {isa = PBXFileReference; lastKnownFileType = sourcecode.swift; path = FollowListTableViewCell.swift; sourceTree = "<group>"; };
		39F1A2EE2BD9746E00AE388A /* FollowViewModel.swift */ = {isa = PBXFileReference; lastKnownFileType = sourcecode.swift; path = FollowViewModel.swift; sourceTree = "<group>"; };
		39F1A2F92BDCB84E00AE388A /* StoryViewController.swift */ = {isa = PBXFileReference; lastKnownFileType = sourcecode.swift; path = StoryViewController.swift; sourceTree = "<group>"; };
/* End PBXFileReference section */

/* Begin PBXFrameworksBuildPhase section */
		395DEEC42BC7C08600488E50 /* Frameworks */ = {
			isa = PBXFrameworksBuildPhase;
			buildActionMask = 2147483647;
			files = (
				39E495E72BE405E7002780D1 /* iamport-ios in Frameworks */,
				39F1A2E12BD8FBEE00AE388A /* Toast in Frameworks */,
				395DEEF42BC7CF3B00488E50 /* RxSwift in Frameworks */,
				39333A5E2BE0A0E40053FAD0 /* Hero in Frameworks */,
				39F1A2E52BD9587E00AE388A /* Tabman in Frameworks */,
				396993DC2BE68A4D00504902 /* IQKeyboardManagerSwift in Frameworks */,
				395DEF022BC7DA7E00488E50 /* Alamofire in Frameworks */,
				395DEEF22BC7CF3B00488E50 /* RxCocoa in Frameworks */,
				395DEEE92BC7C58600488E50 /* SnapKit in Frameworks */,
				39353FAC2BCEC1C3008AF1D5 /* Kingfisher in Frameworks */,
			);
			runOnlyForDeploymentPostprocessing = 0;
		};
/* End PBXFrameworksBuildPhase section */

/* Begin PBXGroup section */
		3907F7902BEF1E23006139DF /* Enum */ = {
			isa = PBXGroup;
			children = (
				3907F7912BEF1E31006139DF /* Transition.swift */,
			);
			path = Enum;
			sourceTree = "<group>";
		};
		3907F7992BEF41A0006139DF /* Sign */ = {
			isa = PBXGroup;
			children = (
				395DEF142BC8369500488E50 /* WithDraw */,
				395DEF092BC7E64300488E50 /* SignIn */,
				395DEEE12BC7C4C600488E50 /* SignUp */,
			);
			path = Sign;
			sourceTree = "<group>";
		};
		3907F79A2BEF41DA006139DF /* Main */ = {
			isa = PBXGroup;
			children = (
				39333A552BDFFA540053FAD0 /* CustomTabBarController.swift */,
				3935400D2BD385A8008AF1D5 /* Search */,
				39353FC72BD0FBFE008AF1D5 /* Comment */,
				3907F79E2BEF426F006139DF /* Recommand */,
				3907F79D2BEF4262006139DF /* Market */,
			);
			path = Main;
			sourceTree = "<group>";
		};
		3907F79B2BEF41F3006139DF /* Book */ = {
			isa = PBXGroup;
			children = (
				396993CD2BE64E3100504902 /* BookWebView */,
				3953E8582BCC16C80070E13F /* SearchBook */,
				39F1A2F82BDCB82100AE388A /* Story */,
			);
			path = Book;
			sourceTree = "<group>";
		};
		3907F79C2BEF4211006139DF /* UserProfile */ = {
			isa = PBXGroup;
			children = (
				39F1A2E22BD957F100AE388A /* FollowList */,
				39C2E4C52BD6303900885E88 /* EditProfile */,
				39353FD72BD1327D008AF1D5 /* Profile */,
				39353FFF2BD34916008AF1D5 /* OtherProfile */,
			);
			path = UserProfile;
			sourceTree = "<group>";
		};
		3907F79D2BEF4262006139DF /* Market */ = {
			isa = PBXGroup;
			children = (
				395081E62BE3431500EF4299 /* MarketHome */,
				395081D82BE3293600EF4299 /* MarketPost */,
				395081DF2BE32F8000EF4299 /* MarketSelectPost */,
				39E495F32BE4CD92002780D1 /* ShoppingList */,
			);
			path = Market;
			sourceTree = "<group>";
		};
		3907F79E2BEF426F006139DF /* Recommand */ = {
			isa = PBXGroup;
			children = (
				393540062BD3555B008AF1D5 /* SelectPost */,
				3953E8452BC9877A0070E13F /* CreatePost */,
				39353F9F2BCE3EB1008AF1D5 /* Home */,
			);
			path = Recommand;
			sourceTree = "<group>";
		};
		3907F79F2BEF431A006139DF /* Protocol */ = {
			isa = PBXGroup;
			children = (
				3953E8542BCA235F0070E13F /* ViewModelType.swift */,
				395DEF032BC7DAA300488E50 /* TargetType.swift */,
			);
			path = Protocol;
			sourceTree = "<group>";
		};
		3907F7A02BEF462D006139DF /* Router */ = {
			isa = PBXGroup;
			children = (
				395081F02BE3812400EF4299 /* MarketRouter.swift */,
				39F1A2DC2BD8F6CF00AE388A /* FollowRouter.swift */,
				39353FDD2BD138C0008AF1D5 /* ProfileRouter.swift */,
				39353FD32BD12427008AF1D5 /* CommentRouter.swift */,
				3953E8502BC991DC0070E13F /* PostRouter.swift */,
				395DEEFE2BC7DA2700488E50 /* SignRouter.swift */,
			);
			path = Router;
			sourceTree = "<group>";
		};
		3907F7A12BEF465A006139DF /* Query */ = {
			isa = PBXGroup;
			children = (
				39353FD12BD1240E008AF1D5 /* CreateCommentQuery.swift */,
				3953E84E2BC991840070E13F /* CreatePostQuery.swift */,
				395DEEF82BC7D48600488E50 /* SignUpQuery.swift */,
				395DEF102BC7E81E00488E50 /* SignInQuery.swift */,
				395DEF122BC8266300488E50 /* EmailValidationQuery.swift */,
				3907F7C22BEF4BDE006139DF /* ProfileQuery.swift */,
				3907F7C72BEF4C2D006139DF /* PayQuery.swift */,
			);
			path = Query;
			sourceTree = "<group>";
		};
		3907F7A22BEF46AE006139DF /* Manager */ = {
			isa = PBXGroup;
			children = (
				3953E8522BC992CB0070E13F /* PostNetworkManager.swift */,
				395DEF072BC7DCDA00488E50 /* NetworkManager.swift */,
			);
			path = Manager;
			sourceTree = "<group>";
		};
		3907F7A32BEF4709006139DF /* Model */ = {
			isa = PBXGroup;
			children = (
				3907F7C92BEF4CD7006139DF /* ErrorModel */,
				3907F7C42BEF4C05006139DF /* PayModel */,
				3907F7BF2BEF4A0E006139DF /* ProfileModel */,
				3907F7BA2BEF49C2006139DF /* FollowModel */,
				3907F7B12BEF4917006139DF /* SignModel */,
				3907F7A42BEF47B1006139DF /* PostModel */,
			);
			path = Model;
			sourceTree = "<group>";
		};
		3907F7A42BEF47B1006139DF /* PostModel */ = {
			isa = PBXGroup;
			children = (
				3907F7A52BEF47D9006139DF /* PostModel.swift */,
				3907F7A72BEF4806006139DF /* BookModel.swift */,
				3907F7A92BEF4834006139DF /* CreatorModel.swift */,
				3907F7AB2BEF485C006139DF /* CommentModel.swift */,
				3907F7AD2BEF4884006139DF /* FileModel.swift */,
				3907F7AF2BEF48A8006139DF /* LikeModel.swift */,
			);
			path = PostModel;
			sourceTree = "<group>";
		};
		3907F7B12BEF4917006139DF /* SignModel */ = {
			isa = PBXGroup;
			children = (
				3907F7B22BEF4924006139DF /* TokenModel.swift */,
				3907F7B42BEF4968006139DF /* SignUpModel.swift */,
				3907F7B62BEF497E006139DF /* SignInModel.swift */,
			);
			path = SignModel;
			sourceTree = "<group>";
		};
		3907F7BA2BEF49C2006139DF /* FollowModel */ = {
			isa = PBXGroup;
			children = (
				3907F7BB2BEF49DE006139DF /* SelectFollowModel.swift */,
				3907F7BD2BEF49F7006139DF /* FollowModel.swift */,
			);
			path = FollowModel;
			sourceTree = "<group>";
		};
		3907F7BF2BEF4A0E006139DF /* ProfileModel */ = {
			isa = PBXGroup;
			children = (
				3907F7C02BEF4A28006139DF /* ProfileModel.swift */,
			);
			path = ProfileModel;
			sourceTree = "<group>";
		};
		3907F7C42BEF4C05006139DF /* PayModel */ = {
			isa = PBXGroup;
			children = (
				3907F7C52BEF4C14006139DF /* PayValidationModel.swift */,
			);
			path = PayModel;
			sourceTree = "<group>";
		};
		3907F7C92BEF4CD7006139DF /* ErrorModel */ = {
			isa = PBXGroup;
			children = (
				3907F7B82BEF4996006139DF /* MessageModel.swift */,
			);
			path = ErrorModel;
			sourceTree = "<group>";
		};
		39353F9F2BCE3EB1008AF1D5 /* Home */ = {
			isa = PBXGroup;
			children = (
				39353FA02BCE4167008AF1D5 /* HomeViewController.swift */,
				39353FA22BCE41F1008AF1D5 /* HomeViewModel.swift */,
				39353FA42BCE5B06008AF1D5 /* HomeView.swift */,
				39353FA62BCE6E2E008AF1D5 /* HomeTableViewCell.swift */,
				393339E62BDDFF870053FAD0 /* HomeCollectionViewCell.swift */,
			);
			path = Home;
			sourceTree = "<group>";
		};
		39353FC72BD0FBFE008AF1D5 /* Comment */ = {
			isa = PBXGroup;
			children = (
				39353FC82BD0FC12008AF1D5 /* CommentViewController.swift */,
				39353FCA2BD0FFBB008AF1D5 /* CommentTableViewCell.swift */,
				39353FCC2BD10086008AF1D5 /* CommentView.swift */,
				39353FCE2BD10141008AF1D5 /* CommentViewModel.swift */,
			);
			path = Comment;
			sourceTree = "<group>";
		};
		39353FD72BD1327D008AF1D5 /* Profile */ = {
			isa = PBXGroup;
			children = (
				39353FD52BD13273008AF1D5 /* ProfileViewController.swift */,
				39353FD82BD132A4008AF1D5 /* ProfileView.swift */,
				39353FDA2BD132B0008AF1D5 /* ProfileViewModel.swift */,
				39353FDF2BD13E87008AF1D5 /* PostCollectionViewCell.swift */,
			);
			path = Profile;
			sourceTree = "<group>";
		};
		39353FFF2BD34916008AF1D5 /* OtherProfile */ = {
			isa = PBXGroup;
			children = (
				393540002BD3494F008AF1D5 /* OtherProfileViewController.swift */,
				393540022BD3495E008AF1D5 /* OtherProfileView.swift */,
				393540042BD3496E008AF1D5 /* OtherProfileViewModel.swift */,
			);
			path = OtherProfile;
			sourceTree = "<group>";
		};
		393540062BD3555B008AF1D5 /* SelectPost */ = {
			isa = PBXGroup;
			children = (
				393540072BD35579008AF1D5 /* SelectPostViewController.swift */,
				393540092BD35588008AF1D5 /* SelectPostView.swift */,
				3935400B2BD35596008AF1D5 /* SelectPostViewModel.swift */,
			);
			path = SelectPost;
			sourceTree = "<group>";
		};
		3935400D2BD385A8008AF1D5 /* Search */ = {
			isa = PBXGroup;
			children = (
				3935400E2BD39D7B008AF1D5 /* SearchViewController.swift */,
				393540102BD39D87008AF1D5 /* SearchViewModel.swift */,
				393540142BD3A658008AF1D5 /* SearchCollectionViewCell.swift */,
			);
			path = Search;
			sourceTree = "<group>";
		};
		393540162BD421F8008AF1D5 /* Custom */ = {
			isa = PBXGroup;
			children = (
				393540172BD42214008AF1D5 /* BookCardView.swift */,
				39C2E4D22BD6CF8F00885E88 /* ProfilePostButton.swift */,
				39C2E4D42BD6D1EC00885E88 /* ProfileEditButton.swift */,
				39C2E4D62BD6D71F00885E88 /* CommentTextField.swift */,
				39C2E4D82BD6D7E500885E88 /* CommentButton.swift */,
				39C2E4DA2BD6DAD500885E88 /* SignTextField.swift */,
				39F1A2D82BD7A58300AE388A /* InputImageButton.swift */,
				39E495FC2BE4E8D6002780D1 /* SoldOutView.swift */,
				39E495FE2BE52C4E002780D1 /* MarketMark.swift */,
				3907F7932BEF31F1006139DF /* CustomLabel.swift */,
				3907F7952BEF3C03006139DF /* ProfileOptionButton.swift */,
				3907F7972BEF3C98006139DF /* NumberButton.swift */,
			);
			path = Custom;
			sourceTree = "<group>";
		};
		395081D82BE3293600EF4299 /* MarketPost */ = {
			isa = PBXGroup;
			children = (
				395081D92BE3298300EF4299 /* MarketPostViewModel.swift */,
				395081DB2BE329A400EF4299 /* MarketPostView.swift */,
				395081DD2BE329AE00EF4299 /* MarketPostViewController.swift */,
			);
			path = MarketPost;
			sourceTree = "<group>";
		};
		395081DF2BE32F8000EF4299 /* MarketSelectPost */ = {
			isa = PBXGroup;
			children = (
				395081E02BE32FA400EF4299 /* MarketSelectPostViewController.swift */,
				395081E22BE32FB500EF4299 /* MarketSelectPostViewModel.swift */,
				395081E42BE32FCB00EF4299 /* MarketSelectPostView.swift */,
			);
			path = MarketSelectPost;
			sourceTree = "<group>";
		};
		395081E62BE3431500EF4299 /* MarketHome */ = {
			isa = PBXGroup;
			children = (
				395081E72BE3432F00EF4299 /* MarketHomeViewController.swift */,
				395081EB2BE3434900EF4299 /* MarketHomeViewModel.swift */,
				395081ED2BE34D5400EF4299 /* MarketHomeCollectionViewCell.swift */,
			);
			path = MarketHome;
			sourceTree = "<group>";
		};
		3953E8452BC9877A0070E13F /* CreatePost */ = {
			isa = PBXGroup;
			children = (
				3953E8482BC987BD0070E13F /* CreatePostViewModel.swift */,
				3953E84A2BC987C80070E13F /* CreatePostViewController.swift */,
				39C2E4B02BD52DA900885E88 /* EditPostViewModel.swift */,
				39F1A2D22BD7A20700AE388A /* PostCreateView.swift */,
				39F1A2D62BD7A24F00AE388A /* InputImageCollectionViewCell.swift */,
			);
			path = CreatePost;
			sourceTree = "<group>";
		};
		3953E8582BCC16C80070E13F /* SearchBook */ = {
			isa = PBXGroup;
			children = (
				3953E8592BCC16DE0070E13F /* SearchBookViewController.swift */,
				3953E85B2BCC19DC0070E13F /* SearchBookView.swift */,
				3953E85D2BCC1F1B0070E13F /* SearchBookTableViewCell.swift */,
				3953E85F2BCC235B0070E13F /* SearchBookViewModel.swift */,
			);
			path = SearchBook;
			sourceTree = "<group>";
		};
		3953E8612BCC24BE0070E13F /* SearchBook */ = {
			isa = PBXGroup;
			children = (
				3953E8622BCC24CF0070E13F /* SearchBook.swift */,
			);
			path = SearchBook;
			sourceTree = "<group>";
		};
		395DEEBE2BC7C08600488E50 = {
			isa = PBXGroup;
			children = (
				395DEEC92BC7C08600488E50 /* BookSNS */,
				395DEEC82BC7C08600488E50 /* Products */,
			);
			sourceTree = "<group>";
		};
		395DEEC82BC7C08600488E50 /* Products */ = {
			isa = PBXGroup;
			children = (
				395DEEC72BC7C08600488E50 /* BookSNS.app */,
			);
			name = Products;
			sourceTree = "<group>";
		};
		395DEEC92BC7C08600488E50 /* BookSNS */ = {
			isa = PBXGroup;
			children = (
				395DEEFA2BC7D95E00488E50 /* .gitignore */,
				3907F79F2BEF431A006139DF /* Protocol */,
				3907F7902BEF1E23006139DF /* Enum */,
				396993D12BE66B7000504902 /* Extension */,
				39C2E4CC2BD6BD0A00885E88 /* Style */,
				393540162BD421F8008AF1D5 /* Custom */,
				3907F79C2BEF4211006139DF /* UserProfile */,
				3907F79B2BEF41F3006139DF /* Book */,
				3907F79A2BEF41DA006139DF /* Main */,
				3907F7992BEF41A0006139DF /* Sign */,
				395DEEF72BC7D47800488E50 /* Network */,
				395DEEE42BC7C56500488E50 /* Base */,
				395DEECA2BC7C08600488E50 /* AppDelegate.swift */,
				395DEECC2BC7C08600488E50 /* SceneDelegate.swift */,
				395DEED82BC7C08800488E50 /* Info.plist */,
			);
			path = BookSNS;
			sourceTree = "<group>";
		};
		395DEEE12BC7C4C600488E50 /* SignUp */ = {
			isa = PBXGroup;
			children = (
				395DEEE22BC7C4D800488E50 /* SignUpViewController.swift */,
				395DEEEA2BC7CB8900488E50 /* SignUpView.swift */,
				395DEEF52BC7CFD100488E50 /* SignUpViewModel.swift */,
			);
			path = SignUp;
			sourceTree = "<group>";
		};
		395DEEE42BC7C56500488E50 /* Base */ = {
			isa = PBXGroup;
			children = (
				395DEEE52BC7C57500488E50 /* BaseView.swift */,
				395DEEEE2BC7CEB000488E50 /* BaseViewController.swift */,
				39353FA82BCE6F7D008AF1D5 /* BaseTableViewCell.swift */,
			);
			path = Base;
			sourceTree = "<group>";
		};
		395DEEF72BC7D47800488E50 /* Network */ = {
			isa = PBXGroup;
			children = (
				3907F7A32BEF4709006139DF /* Model */,
				3907F7A22BEF46AE006139DF /* Manager */,
				3907F7A12BEF465A006139DF /* Query */,
				3907F7A02BEF462D006139DF /* Router */,
				3953E8612BCC24BE0070E13F /* SearchBook */,
				395DEEFC2BC7D9A900488E50 /* APIKey.swift */,
				395DEF052BC7DB6F00488E50 /* HTTPHeader.swift */,
				395081D62BE2A0A300EF4299 /* APIRequestInterceptor.swift */,
			);
			path = Network;
			sourceTree = "<group>";
		};
		395DEF092BC7E64300488E50 /* SignIn */ = {
			isa = PBXGroup;
			children = (
				395DEF0A2BC7E65900488E50 /* SignInViewController.swift */,
				395DEF0C2BC7E6F800488E50 /* SignInView.swift */,
				395DEF0E2BC7E79900488E50 /* SignInViewModel.swift */,
			);
			path = SignIn;
			sourceTree = "<group>";
		};
		395DEF142BC8369500488E50 /* WithDraw */ = {
			isa = PBXGroup;
			children = (
				395DEF192BC83D4400488E50 /* WithDrawViewModel.swift */,
			);
			path = WithDraw;
			sourceTree = "<group>";
		};
		396993CD2BE64E3100504902 /* BookWebView */ = {
			isa = PBXGroup;
			children = (
				396993CF2BE64E5100504902 /* BookWebViewController.swift */,
			);
			path = BookWebView;
			sourceTree = "<group>";
		};
		396993D12BE66B7000504902 /* Extension */ = {
			isa = PBXGroup;
			children = (
				396993D22BE66B8300504902 /* Extension + UIVC.swift */,
				396993D42BE66BA900504902 /* Extension + UIImage.swift */,
				396993D62BE66BC300504902 /* Extension + String.swift */,
				396993D82BE670A800504902 /* Extension + Int.swift */,
			);
			path = Extension;
			sourceTree = "<group>";
		};
		39C2E4C52BD6303900885E88 /* EditProfile */ = {
			isa = PBXGroup;
			children = (
				39C2E4C62BD6312B00885E88 /* EditProfileView.swift */,
				39C2E4C82BD6313B00885E88 /* EditProfileViewController.swift */,
				39C2E4CA2BD6314400885E88 /* EditProfileViewModel.swift */,
			);
			path = EditProfile;
			sourceTree = "<group>";
		};
		39C2E4CC2BD6BD0A00885E88 /* Style */ = {
			isa = PBXGroup;
			children = (
				39C2E4CD2BD6BD5600885E88 /* Color.swift */,
				395DEED32BC7C08800488E50 /* Assets.xcassets */,
			);
			path = Style;
			sourceTree = "<group>";
		};
		39E495F32BE4CD92002780D1 /* ShoppingList */ = {
			isa = PBXGroup;
			children = (
				39E495F42BE4CDA7002780D1 /* ShoppingListViewController.swift */,
				39E495F62BE4D2F7002780D1 /* ShoppingListTableViewCell.swift */,
				39E495F82BE4D82D002780D1 /* ShoppingListView.swift */,
				39E495FA2BE4D886002780D1 /* ShoppingListViewModel.swift */,
			);
			path = ShoppingList;
			sourceTree = "<group>";
		};
		39F1A2E22BD957F100AE388A /* FollowList */ = {
			isa = PBXGroup;
			children = (
				39F1A2E62BD9594300AE388A /* FollowViewController.swift */,
				39F1A2E82BD96FD200AE388A /* FollowListViewController.swift */,
				39F1A2EA2BD9702200AE388A /* FollowListView.swift */,
				39F1A2EC2BD9703700AE388A /* FollowListTableViewCell.swift */,
				39F1A2EE2BD9746E00AE388A /* FollowViewModel.swift */,
			);
			path = FollowList;
			sourceTree = "<group>";
		};
		39F1A2F82BDCB82100AE388A /* Story */ = {
			isa = PBXGroup;
			children = (
				39F1A2F92BDCB84E00AE388A /* StoryViewController.swift */,
				393339EA2BDE22B60053FAD0 /* StoryViewModel.swift */,
				393339EC2BDE693D0053FAD0 /* StoryView.swift */,
			);
			path = Story;
			sourceTree = "<group>";
		};
/* End PBXGroup section */

/* Begin PBXNativeTarget section */
		395DEEC62BC7C08600488E50 /* BookSNS */ = {
			isa = PBXNativeTarget;
			buildConfigurationList = 395DEEDB2BC7C08800488E50 /* Build configuration list for PBXNativeTarget "BookSNS" */;
			buildPhases = (
				395DEEC32BC7C08600488E50 /* Sources */,
				395DEEC42BC7C08600488E50 /* Frameworks */,
				395DEEC52BC7C08600488E50 /* Resources */,
			);
			buildRules = (
			);
			dependencies = (
			);
			name = BookSNS;
			packageProductDependencies = (
				395DEEE82BC7C58600488E50 /* SnapKit */,
				395DEEF12BC7CF3B00488E50 /* RxCocoa */,
				395DEEF32BC7CF3B00488E50 /* RxSwift */,
				395DEF012BC7DA7E00488E50 /* Alamofire */,
				39353FAB2BCEC1C3008AF1D5 /* Kingfisher */,
				39F1A2E02BD8FBEE00AE388A /* Toast */,
				39F1A2E42BD9587E00AE388A /* Tabman */,
				39333A5D2BE0A0E40053FAD0 /* Hero */,
				39E495E62BE405E7002780D1 /* iamport-ios */,
				396993DB2BE68A4D00504902 /* IQKeyboardManagerSwift */,
			);
			productName = BookSNS;
			productReference = 395DEEC72BC7C08600488E50 /* BookSNS.app */;
			productType = "com.apple.product-type.application";
		};
/* End PBXNativeTarget section */

/* Begin PBXProject section */
		395DEEBF2BC7C08600488E50 /* Project object */ = {
			isa = PBXProject;
			attributes = {
				BuildIndependentTargetsInParallel = 1;
				LastSwiftUpdateCheck = 1520;
				LastUpgradeCheck = 1520;
				TargetAttributes = {
					395DEEC62BC7C08600488E50 = {
						CreatedOnToolsVersion = 15.2;
					};
				};
			};
			buildConfigurationList = 395DEEC22BC7C08600488E50 /* Build configuration list for PBXProject "BookSNS" */;
			compatibilityVersion = "Xcode 14.0";
			developmentRegion = en;
			hasScannedForEncodings = 0;
			knownRegions = (
				en,
				Base,
			);
			mainGroup = 395DEEBE2BC7C08600488E50;
			packageReferences = (
				395DEEE72BC7C58600488E50 /* XCRemoteSwiftPackageReference "SnapKit" */,
				395DEEF02BC7CF3B00488E50 /* XCRemoteSwiftPackageReference "RxSwift" */,
				395DEF002BC7DA7E00488E50 /* XCRemoteSwiftPackageReference "Alamofire" */,
				39353FAA2BCEC1C3008AF1D5 /* XCRemoteSwiftPackageReference "Kingfisher" */,
				39F1A2DF2BD8FBEE00AE388A /* XCRemoteSwiftPackageReference "Toast-Swift" */,
				39F1A2E32BD9587E00AE388A /* XCRemoteSwiftPackageReference "Tabman" */,
				39333A5C2BE0A0E40053FAD0 /* XCRemoteSwiftPackageReference "Hero" */,
				39E495E52BE405E7002780D1 /* XCRemoteSwiftPackageReference "iamport-ios" */,
				396993DA2BE68A4D00504902 /* XCRemoteSwiftPackageReference "IQKeyboardManager" */,
			);
			productRefGroup = 395DEEC82BC7C08600488E50 /* Products */;
			projectDirPath = "";
			projectRoot = "";
			targets = (
				395DEEC62BC7C08600488E50 /* BookSNS */,
			);
		};
/* End PBXProject section */

/* Begin PBXResourcesBuildPhase section */
		395DEEC52BC7C08600488E50 /* Resources */ = {
			isa = PBXResourcesBuildPhase;
			buildActionMask = 2147483647;
			files = (
				395DEEFB2BC7D95E00488E50 /* .gitignore in Resources */,
				395DEED42BC7C08800488E50 /* Assets.xcassets in Resources */,
			);
			runOnlyForDeploymentPostprocessing = 0;
		};
/* End PBXResourcesBuildPhase section */

/* Begin PBXSourcesBuildPhase section */
		395DEEC32BC7C08600488E50 /* Sources */ = {
			isa = PBXSourcesBuildPhase;
			buildActionMask = 2147483647;
			files = (
				3907F7922BEF1E31006139DF /* Transition.swift in Sources */,
				39F1A2ED2BD9703700AE388A /* FollowListTableViewCell.swift in Sources */,
				39C2E4C72BD6312B00885E88 /* EditProfileView.swift in Sources */,
				39353FC92BD0FC12008AF1D5 /* CommentViewController.swift in Sources */,
				3907F7C32BEF4BDE006139DF /* ProfileQuery.swift in Sources */,
				3907F7B72BEF497E006139DF /* SignInModel.swift in Sources */,
				393540182BD42214008AF1D5 /* BookCardView.swift in Sources */,
				3953E84F2BC991840070E13F /* CreatePostQuery.swift in Sources */,
				3953E84B2BC987C80070E13F /* CreatePostViewController.swift in Sources */,
				3907F7AC2BEF485C006139DF /* CommentModel.swift in Sources */,
				395DEF042BC7DAA300488E50 /* TargetType.swift in Sources */,
				395081D72BE2A0A300EF4299 /* APIRequestInterceptor.swift in Sources */,
				39353FD92BD132A4008AF1D5 /* ProfileView.swift in Sources */,
				39C2E4B12BD52DA900885E88 /* EditPostViewModel.swift in Sources */,
				395DEF132BC8266400488E50 /* EmailValidationQuery.swift in Sources */,
				39E495FF2BE52C4E002780D1 /* MarketMark.swift in Sources */,
				39F1A2D72BD7A24F00AE388A /* InputImageCollectionViewCell.swift in Sources */,
				39C2E4D52BD6D1EC00885E88 /* ProfileEditButton.swift in Sources */,
				3907F7AE2BEF4884006139DF /* FileModel.swift in Sources */,
				395081F12BE3812400EF4299 /* MarketRouter.swift in Sources */,
				3953E8492BC987BD0070E13F /* CreatePostViewModel.swift in Sources */,
				3953E85A2BCC16DE0070E13F /* SearchBookViewController.swift in Sources */,
				396993D32BE66B8300504902 /* Extension + UIVC.swift in Sources */,
				39353FA72BCE6E2E008AF1D5 /* HomeTableViewCell.swift in Sources */,
				3953E8552BCA235F0070E13F /* ViewModelType.swift in Sources */,
				395DEEFF2BC7DA2700488E50 /* SignRouter.swift in Sources */,
				395081DC2BE329A400EF4299 /* MarketPostView.swift in Sources */,
				39E495F92BE4D82D002780D1 /* ShoppingListView.swift in Sources */,
				39C2E4C92BD6313B00885E88 /* EditProfileViewController.swift in Sources */,
				393339ED2BDE693D0053FAD0 /* StoryView.swift in Sources */,
				395DEEE32BC7C4D800488E50 /* SignUpViewController.swift in Sources */,
				3907F7BC2BEF49DE006139DF /* SelectFollowModel.swift in Sources */,
				39F1A2FA2BDCB84E00AE388A /* StoryViewController.swift in Sources */,
				39353FCD2BD10086008AF1D5 /* CommentView.swift in Sources */,
				393540152BD3A658008AF1D5 /* SearchCollectionViewCell.swift in Sources */,
				395DEF062BC7DB6F00488E50 /* HTTPHeader.swift in Sources */,
				3935400A2BD35588008AF1D5 /* SelectPostView.swift in Sources */,
				393540112BD39D87008AF1D5 /* SearchViewModel.swift in Sources */,
				395081E32BE32FB500EF4299 /* MarketSelectPostViewModel.swift in Sources */,
				3907F7982BEF3C98006139DF /* NumberButton.swift in Sources */,
				395DEEF62BC7CFD100488E50 /* SignUpViewModel.swift in Sources */,
				395DEEE62BC7C57500488E50 /* BaseView.swift in Sources */,
				39C2E4CB2BD6314400885E88 /* EditProfileViewModel.swift in Sources */,
				395081DE2BE329AE00EF4299 /* MarketPostViewController.swift in Sources */,
				3907F7C12BEF4A28006139DF /* ProfileModel.swift in Sources */,
				3907F7A62BEF47D9006139DF /* PostModel.swift in Sources */,
				39F1A2D92BD7A58300AE388A /* InputImageButton.swift in Sources */,
				39F1A2EB2BD9702200AE388A /* FollowListView.swift in Sources */,
				3953E8602BCC235B0070E13F /* SearchBookViewModel.swift in Sources */,
				393540082BD35579008AF1D5 /* SelectPostViewController.swift in Sources */,
				396993D52BE66BA900504902 /* Extension + UIImage.swift in Sources */,
				39353FE02BD13E87008AF1D5 /* PostCollectionViewCell.swift in Sources */,
				39353FDE2BD138C0008AF1D5 /* ProfileRouter.swift in Sources */,
				3907F7B32BEF4924006139DF /* TokenModel.swift in Sources */,
				395081E52BE32FCB00EF4299 /* MarketSelectPostView.swift in Sources */,
				3907F7C82BEF4C2D006139DF /* PayQuery.swift in Sources */,
				39F1A2E72BD9594300AE388A /* FollowViewController.swift in Sources */,
				3907F7C62BEF4C14006139DF /* PayValidationModel.swift in Sources */,
				39353FD42BD12427008AF1D5 /* CommentRouter.swift in Sources */,
				3953E85C2BCC19DC0070E13F /* SearchBookView.swift in Sources */,
				39E495FB2BE4D886002780D1 /* ShoppingListViewModel.swift in Sources */,
				395DEEFD2BC7D9A900488E50 /* APIKey.swift in Sources */,
				39C2E4CE2BD6BD5600885E88 /* Color.swift in Sources */,
				395DEF112BC7E81E00488E50 /* SignInQuery.swift in Sources */,
				395DEF0B2BC7E65900488E50 /* SignInViewController.swift in Sources */,
				395DEF0F2BC7E79900488E50 /* SignInViewModel.swift in Sources */,
				396993D02BE64E5100504902 /* BookWebViewController.swift in Sources */,
				395DEECB2BC7C08600488E50 /* AppDelegate.swift in Sources */,
				393339EB2BDE22B60053FAD0 /* StoryViewModel.swift in Sources */,
				395081DA2BE3298300EF4299 /* MarketPostViewModel.swift in Sources */,
				39353FA52BCE5B06008AF1D5 /* HomeView.swift in Sources */,
				39353FCB2BD0FFBB008AF1D5 /* CommentTableViewCell.swift in Sources */,
				39353FA12BCE4167008AF1D5 /* HomeViewController.swift in Sources */,
				39F1A2D32BD7A20700AE388A /* PostCreateView.swift in Sources */,
				395081E12BE32FA400EF4299 /* MarketSelectPostViewController.swift in Sources */,
				3907F7B52BEF4968006139DF /* SignUpModel.swift in Sources */,
				39353FDB2BD132B0008AF1D5 /* ProfileViewModel.swift in Sources */,
				395081E82BE3432F00EF4299 /* MarketHomeViewController.swift in Sources */,
				396993D92BE670A800504902 /* Extension + Int.swift in Sources */,
				395081EC2BE3434900EF4299 /* MarketHomeViewModel.swift in Sources */,
				395DEEEB2BC7CB8900488E50 /* SignUpView.swift in Sources */,
				3953E8632BCC24CF0070E13F /* SearchBook.swift in Sources */,
				395081EE2BE34D5400EF4299 /* MarketHomeCollectionViewCell.swift in Sources */,
				39C2E4D32BD6CF8F00885E88 /* ProfilePostButton.swift in Sources */,
				393540052BD3496E008AF1D5 /* OtherProfileViewModel.swift in Sources */,
				39E495F72BE4D2F7002780D1 /* ShoppingListTableViewCell.swift in Sources */,
				395DEF1A2BC83D4400488E50 /* WithDrawViewModel.swift in Sources */,
				396993D72BE66BC300504902 /* Extension + String.swift in Sources */,
				39E495FD2BE4E8D6002780D1 /* SoldOutView.swift in Sources */,
				395DEF082BC7DCDA00488E50 /* NetworkManager.swift in Sources */,
				3953E8532BC992CB0070E13F /* PostNetworkManager.swift in Sources */,
				3935400F2BD39D7B008AF1D5 /* SearchViewController.swift in Sources */,
				3907F7B92BEF4996006139DF /* MessageModel.swift in Sources */,
				393540032BD3495E008AF1D5 /* OtherProfileView.swift in Sources */,
				39F1A2DD2BD8F6CF00AE388A /* FollowRouter.swift in Sources */,
				395DEF0D2BC7E6F800488E50 /* SignInView.swift in Sources */,
				39F1A2EF2BD9746E00AE388A /* FollowViewModel.swift in Sources */,
				39C2E4DB2BD6DAD500885E88 /* SignTextField.swift in Sources */,
				393540012BD3494F008AF1D5 /* OtherProfileViewController.swift in Sources */,
				39F1A2E92BD96FD200AE388A /* FollowListViewController.swift in Sources */,
				395DEEF92BC7D48600488E50 /* SignUpQuery.swift in Sources */,
				3935400C2BD35596008AF1D5 /* SelectPostViewModel.swift in Sources */,
				3907F7BE2BEF49F7006139DF /* FollowModel.swift in Sources */,
				39353FD22BD1240E008AF1D5 /* CreateCommentQuery.swift in Sources */,
				39353FD62BD13273008AF1D5 /* ProfileViewController.swift in Sources */,
				3907F7962BEF3C03006139DF /* ProfileOptionButton.swift in Sources */,
				3907F7B02BEF48A8006139DF /* LikeModel.swift in Sources */,
				39C2E4D92BD6D7E500885E88 /* CommentButton.swift in Sources */,
				393339E72BDDFF870053FAD0 /* HomeCollectionViewCell.swift in Sources */,
				3907F7942BEF31F1006139DF /* CustomLabel.swift in Sources */,
				39333A562BDFFA540053FAD0 /* CustomTabBarController.swift in Sources */,
				3953E85E2BCC1F1B0070E13F /* SearchBookTableViewCell.swift in Sources */,
				39353FA32BCE41F1008AF1D5 /* HomeViewModel.swift in Sources */,
				39353FCF2BD10141008AF1D5 /* CommentViewModel.swift in Sources */,
				395DEEEF2BC7CEB000488E50 /* BaseViewController.swift in Sources */,
				3907F7A82BEF4806006139DF /* BookModel.swift in Sources */,
				39C2E4D72BD6D71F00885E88 /* CommentTextField.swift in Sources */,
				39E495F52BE4CDA7002780D1 /* ShoppingListViewController.swift in Sources */,
				3907F7AA2BEF4834006139DF /* CreatorModel.swift in Sources */,
				3953E8512BC991DC0070E13F /* PostRouter.swift in Sources */,
				39353FA92BCE6F7D008AF1D5 /* BaseTableViewCell.swift in Sources */,
				395DEECD2BC7C08600488E50 /* SceneDelegate.swift in Sources */,
			);
			runOnlyForDeploymentPostprocessing = 0;
		};
/* End PBXSourcesBuildPhase section */

/* Begin XCBuildConfiguration section */
		395DEED92BC7C08800488E50 /* Debug */ = {
			isa = XCBuildConfiguration;
			buildSettings = {
				ALWAYS_SEARCH_USER_PATHS = NO;
				ASSETCATALOG_COMPILER_GENERATE_SWIFT_ASSET_SYMBOL_EXTENSIONS = YES;
				CLANG_ANALYZER_NONNULL = YES;
				CLANG_ANALYZER_NUMBER_OBJECT_CONVERSION = YES_AGGRESSIVE;
				CLANG_CXX_LANGUAGE_STANDARD = "gnu++20";
				CLANG_ENABLE_MODULES = YES;
				CLANG_ENABLE_OBJC_ARC = YES;
				CLANG_ENABLE_OBJC_WEAK = YES;
				CLANG_WARN_BLOCK_CAPTURE_AUTORELEASING = YES;
				CLANG_WARN_BOOL_CONVERSION = YES;
				CLANG_WARN_COMMA = YES;
				CLANG_WARN_CONSTANT_CONVERSION = YES;
				CLANG_WARN_DEPRECATED_OBJC_IMPLEMENTATIONS = YES;
				CLANG_WARN_DIRECT_OBJC_ISA_USAGE = YES_ERROR;
				CLANG_WARN_DOCUMENTATION_COMMENTS = YES;
				CLANG_WARN_EMPTY_BODY = YES;
				CLANG_WARN_ENUM_CONVERSION = YES;
				CLANG_WARN_INFINITE_RECURSION = YES;
				CLANG_WARN_INT_CONVERSION = YES;
				CLANG_WARN_NON_LITERAL_NULL_CONVERSION = YES;
				CLANG_WARN_OBJC_IMPLICIT_RETAIN_SELF = YES;
				CLANG_WARN_OBJC_LITERAL_CONVERSION = YES;
				CLANG_WARN_OBJC_ROOT_CLASS = YES_ERROR;
				CLANG_WARN_QUOTED_INCLUDE_IN_FRAMEWORK_HEADER = YES;
				CLANG_WARN_RANGE_LOOP_ANALYSIS = YES;
				CLANG_WARN_STRICT_PROTOTYPES = YES;
				CLANG_WARN_SUSPICIOUS_MOVE = YES;
				CLANG_WARN_UNGUARDED_AVAILABILITY = YES_AGGRESSIVE;
				CLANG_WARN_UNREACHABLE_CODE = YES;
				CLANG_WARN__DUPLICATE_METHOD_MATCH = YES;
				COPY_PHASE_STRIP = NO;
				DEBUG_INFORMATION_FORMAT = dwarf;
				ENABLE_STRICT_OBJC_MSGSEND = YES;
				ENABLE_TESTABILITY = YES;
				ENABLE_USER_SCRIPT_SANDBOXING = YES;
				GCC_C_LANGUAGE_STANDARD = gnu17;
				GCC_DYNAMIC_NO_PIC = NO;
				GCC_NO_COMMON_BLOCKS = YES;
				GCC_OPTIMIZATION_LEVEL = 0;
				GCC_PREPROCESSOR_DEFINITIONS = (
					"DEBUG=1",
					"$(inherited)",
				);
				GCC_WARN_64_TO_32_BIT_CONVERSION = YES;
				GCC_WARN_ABOUT_RETURN_TYPE = YES_ERROR;
				GCC_WARN_UNDECLARED_SELECTOR = YES;
				GCC_WARN_UNINITIALIZED_AUTOS = YES_AGGRESSIVE;
				GCC_WARN_UNUSED_FUNCTION = YES;
				GCC_WARN_UNUSED_VARIABLE = YES;
				IPHONEOS_DEPLOYMENT_TARGET = 17.2;
				LOCALIZATION_PREFERS_STRING_CATALOGS = YES;
				MTL_ENABLE_DEBUG_INFO = INCLUDE_SOURCE;
				MTL_FAST_MATH = YES;
				ONLY_ACTIVE_ARCH = YES;
				SDKROOT = iphoneos;
				SWIFT_ACTIVE_COMPILATION_CONDITIONS = "DEBUG $(inherited)";
				SWIFT_OPTIMIZATION_LEVEL = "-Onone";
			};
			name = Debug;
		};
		395DEEDA2BC7C08800488E50 /* Release */ = {
			isa = XCBuildConfiguration;
			buildSettings = {
				ALWAYS_SEARCH_USER_PATHS = NO;
				ASSETCATALOG_COMPILER_GENERATE_SWIFT_ASSET_SYMBOL_EXTENSIONS = YES;
				CLANG_ANALYZER_NONNULL = YES;
				CLANG_ANALYZER_NUMBER_OBJECT_CONVERSION = YES_AGGRESSIVE;
				CLANG_CXX_LANGUAGE_STANDARD = "gnu++20";
				CLANG_ENABLE_MODULES = YES;
				CLANG_ENABLE_OBJC_ARC = YES;
				CLANG_ENABLE_OBJC_WEAK = YES;
				CLANG_WARN_BLOCK_CAPTURE_AUTORELEASING = YES;
				CLANG_WARN_BOOL_CONVERSION = YES;
				CLANG_WARN_COMMA = YES;
				CLANG_WARN_CONSTANT_CONVERSION = YES;
				CLANG_WARN_DEPRECATED_OBJC_IMPLEMENTATIONS = YES;
				CLANG_WARN_DIRECT_OBJC_ISA_USAGE = YES_ERROR;
				CLANG_WARN_DOCUMENTATION_COMMENTS = YES;
				CLANG_WARN_EMPTY_BODY = YES;
				CLANG_WARN_ENUM_CONVERSION = YES;
				CLANG_WARN_INFINITE_RECURSION = YES;
				CLANG_WARN_INT_CONVERSION = YES;
				CLANG_WARN_NON_LITERAL_NULL_CONVERSION = YES;
				CLANG_WARN_OBJC_IMPLICIT_RETAIN_SELF = YES;
				CLANG_WARN_OBJC_LITERAL_CONVERSION = YES;
				CLANG_WARN_OBJC_ROOT_CLASS = YES_ERROR;
				CLANG_WARN_QUOTED_INCLUDE_IN_FRAMEWORK_HEADER = YES;
				CLANG_WARN_RANGE_LOOP_ANALYSIS = YES;
				CLANG_WARN_STRICT_PROTOTYPES = YES;
				CLANG_WARN_SUSPICIOUS_MOVE = YES;
				CLANG_WARN_UNGUARDED_AVAILABILITY = YES_AGGRESSIVE;
				CLANG_WARN_UNREACHABLE_CODE = YES;
				CLANG_WARN__DUPLICATE_METHOD_MATCH = YES;
				COPY_PHASE_STRIP = NO;
				DEBUG_INFORMATION_FORMAT = "dwarf-with-dsym";
				ENABLE_NS_ASSERTIONS = NO;
				ENABLE_STRICT_OBJC_MSGSEND = YES;
				ENABLE_USER_SCRIPT_SANDBOXING = YES;
				GCC_C_LANGUAGE_STANDARD = gnu17;
				GCC_NO_COMMON_BLOCKS = YES;
				GCC_WARN_64_TO_32_BIT_CONVERSION = YES;
				GCC_WARN_ABOUT_RETURN_TYPE = YES_ERROR;
				GCC_WARN_UNDECLARED_SELECTOR = YES;
				GCC_WARN_UNINITIALIZED_AUTOS = YES_AGGRESSIVE;
				GCC_WARN_UNUSED_FUNCTION = YES;
				GCC_WARN_UNUSED_VARIABLE = YES;
				IPHONEOS_DEPLOYMENT_TARGET = 17.2;
				LOCALIZATION_PREFERS_STRING_CATALOGS = YES;
				MTL_ENABLE_DEBUG_INFO = NO;
				MTL_FAST_MATH = YES;
				SDKROOT = iphoneos;
				SWIFT_COMPILATION_MODE = wholemodule;
				VALIDATE_PRODUCT = YES;
			};
			name = Release;
		};
		395DEEDC2BC7C08800488E50 /* Debug */ = {
			isa = XCBuildConfiguration;
			buildSettings = {
				ASSETCATALOG_COMPILER_APPICON_NAME = AppIcon;
				ASSETCATALOG_COMPILER_GLOBAL_ACCENT_COLOR_NAME = AccentColor;
				CODE_SIGN_STYLE = Automatic;
				CURRENT_PROJECT_VERSION = 1;
				DEVELOPMENT_TEAM = 47HVCF82JP;
				GENERATE_INFOPLIST_FILE = YES;
				INFOPLIST_FILE = BookSNS/Info.plist;
				INFOPLIST_KEY_CFBundleDisplayName = "LSLP민지은";
				INFOPLIST_KEY_UIApplicationSupportsIndirectInputEvents = YES;
				INFOPLIST_KEY_UILaunchStoryboardName = LaunchScreen;
				INFOPLIST_KEY_UIMainStoryboardFile = "";
				INFOPLIST_KEY_UIStatusBarStyle = "";
				INFOPLIST_KEY_UISupportedInterfaceOrientations_iPad = "UIInterfaceOrientationPortrait UIInterfaceOrientationPortraitUpsideDown UIInterfaceOrientationLandscapeLeft UIInterfaceOrientationLandscapeRight";
				INFOPLIST_KEY_UISupportedInterfaceOrientations_iPhone = "UIInterfaceOrientationPortrait UIInterfaceOrientationLandscapeLeft UIInterfaceOrientationLandscapeRight";
				IPHONEOS_DEPLOYMENT_TARGET = 17.2;
				LD_RUNPATH_SEARCH_PATHS = (
					"$(inherited)",
					"@executable_path/Frameworks",
				);
				MARKETING_VERSION = 1.0;
				PRODUCT_BUNDLE_IDENTIFIER = com.mje0211.BookSNS;
				PRODUCT_NAME = "$(TARGET_NAME)";
				SUPPORTED_PLATFORMS = "iphoneos iphonesimulator";
				SUPPORTS_MACCATALYST = NO;
				SUPPORTS_MAC_DESIGNED_FOR_IPHONE_IPAD = NO;
				SUPPORTS_XR_DESIGNED_FOR_IPHONE_IPAD = NO;
				SWIFT_EMIT_LOC_STRINGS = YES;
				SWIFT_VERSION = 5.0;
				TARGETED_DEVICE_FAMILY = 1;
			};
			name = Debug;
		};
		395DEEDD2BC7C08800488E50 /* Release */ = {
			isa = XCBuildConfiguration;
			buildSettings = {
				ASSETCATALOG_COMPILER_APPICON_NAME = AppIcon;
				ASSETCATALOG_COMPILER_GLOBAL_ACCENT_COLOR_NAME = AccentColor;
				CODE_SIGN_STYLE = Automatic;
				CURRENT_PROJECT_VERSION = 1;
				DEVELOPMENT_TEAM = 47HVCF82JP;
				GENERATE_INFOPLIST_FILE = YES;
				INFOPLIST_FILE = BookSNS/Info.plist;
				INFOPLIST_KEY_CFBundleDisplayName = "LSLP민지은";
				INFOPLIST_KEY_UIApplicationSupportsIndirectInputEvents = YES;
				INFOPLIST_KEY_UILaunchStoryboardName = LaunchScreen;
				INFOPLIST_KEY_UIMainStoryboardFile = "";
				INFOPLIST_KEY_UIStatusBarStyle = "";
				INFOPLIST_KEY_UISupportedInterfaceOrientations_iPad = "UIInterfaceOrientationPortrait UIInterfaceOrientationPortraitUpsideDown UIInterfaceOrientationLandscapeLeft UIInterfaceOrientationLandscapeRight";
				INFOPLIST_KEY_UISupportedInterfaceOrientations_iPhone = "UIInterfaceOrientationPortrait UIInterfaceOrientationLandscapeLeft UIInterfaceOrientationLandscapeRight";
				IPHONEOS_DEPLOYMENT_TARGET = 17.2;
				LD_RUNPATH_SEARCH_PATHS = (
					"$(inherited)",
					"@executable_path/Frameworks",
				);
				MARKETING_VERSION = 1.0;
				PRODUCT_BUNDLE_IDENTIFIER = com.mje0211.BookSNS;
				PRODUCT_NAME = "$(TARGET_NAME)";
				SUPPORTED_PLATFORMS = "iphoneos iphonesimulator";
				SUPPORTS_MACCATALYST = NO;
				SUPPORTS_MAC_DESIGNED_FOR_IPHONE_IPAD = NO;
				SUPPORTS_XR_DESIGNED_FOR_IPHONE_IPAD = NO;
				SWIFT_EMIT_LOC_STRINGS = YES;
				SWIFT_VERSION = 5.0;
				TARGETED_DEVICE_FAMILY = 1;
			};
			name = Release;
		};
/* End XCBuildConfiguration section */

/* Begin XCConfigurationList section */
		395DEEC22BC7C08600488E50 /* Build configuration list for PBXProject "BookSNS" */ = {
			isa = XCConfigurationList;
			buildConfigurations = (
				395DEED92BC7C08800488E50 /* Debug */,
				395DEEDA2BC7C08800488E50 /* Release */,
			);
			defaultConfigurationIsVisible = 0;
			defaultConfigurationName = Release;
		};
		395DEEDB2BC7C08800488E50 /* Build configuration list for PBXNativeTarget "BookSNS" */ = {
			isa = XCConfigurationList;
			buildConfigurations = (
				395DEEDC2BC7C08800488E50 /* Debug */,
				395DEEDD2BC7C08800488E50 /* Release */,
			);
			defaultConfigurationIsVisible = 0;
			defaultConfigurationName = Release;
		};
/* End XCConfigurationList section */

/* Begin XCRemoteSwiftPackageReference section */
		39333A5C2BE0A0E40053FAD0 /* XCRemoteSwiftPackageReference "Hero" */ = {
			isa = XCRemoteSwiftPackageReference;
			repositoryURL = "https://github.com/HeroTransitions/Hero.git";
			requirement = {
				kind = upToNextMajorVersion;
				minimumVersion = 1.6.3;
			};
		};
		39353FAA2BCEC1C3008AF1D5 /* XCRemoteSwiftPackageReference "Kingfisher" */ = {
			isa = XCRemoteSwiftPackageReference;
			repositoryURL = "https://github.com/onevcat/Kingfisher.git";
			requirement = {
				kind = upToNextMajorVersion;
				minimumVersion = 7.11.0;
			};
		};
		395DEEE72BC7C58600488E50 /* XCRemoteSwiftPackageReference "SnapKit" */ = {
			isa = XCRemoteSwiftPackageReference;
			repositoryURL = "https://github.com/SnapKit/SnapKit.git";
			requirement = {
				kind = upToNextMajorVersion;
				minimumVersion = 5.7.1;
			};
		};
		395DEEF02BC7CF3B00488E50 /* XCRemoteSwiftPackageReference "RxSwift" */ = {
			isa = XCRemoteSwiftPackageReference;
			repositoryURL = "https://github.com/ReactiveX/RxSwift.git";
			requirement = {
				kind = upToNextMajorVersion;
				minimumVersion = 6.6.0;
			};
		};
		395DEF002BC7DA7E00488E50 /* XCRemoteSwiftPackageReference "Alamofire" */ = {
			isa = XCRemoteSwiftPackageReference;
			repositoryURL = "https://github.com/Alamofire/Alamofire.git";
			requirement = {
				kind = upToNextMajorVersion;
				minimumVersion = 5.9.1;
			};
		};
		396993DA2BE68A4D00504902 /* XCRemoteSwiftPackageReference "IQKeyboardManager" */ = {
			isa = XCRemoteSwiftPackageReference;
			repositoryURL = "https://github.com/hackiftekhar/IQKeyboardManager.git";
			requirement = {
				kind = upToNextMajorVersion;
				minimumVersion = 7.0.2;
			};
		};
		39E495E52BE405E7002780D1 /* XCRemoteSwiftPackageReference "iamport-ios" */ = {
			isa = XCRemoteSwiftPackageReference;
			repositoryURL = "https://github.com/iamport/iamport-ios?tab=readme-ov-file";
			requirement = {
				kind = upToNextMajorVersion;
				minimumVersion = 1.4.1;
			};
		};
		39F1A2DF2BD8FBEE00AE388A /* XCRemoteSwiftPackageReference "Toast-Swift" */ = {
			isa = XCRemoteSwiftPackageReference;
			repositoryURL = "https://github.com/scalessec/Toast-Swift.git";
			requirement = {
				kind = upToNextMajorVersion;
				minimumVersion = 5.1.1;
			};
		};
		39F1A2E32BD9587E00AE388A /* XCRemoteSwiftPackageReference "Tabman" */ = {
			isa = XCRemoteSwiftPackageReference;
			repositoryURL = "https://github.com/uias/Tabman.git";
			requirement = {
				kind = upToNextMajorVersion;
				minimumVersion = 3.2.0;
			};
		};
/* End XCRemoteSwiftPackageReference section */

/* Begin XCSwiftPackageProductDependency section */
		39333A5D2BE0A0E40053FAD0 /* Hero */ = {
			isa = XCSwiftPackageProductDependency;
			package = 39333A5C2BE0A0E40053FAD0 /* XCRemoteSwiftPackageReference "Hero" */;
			productName = Hero;
		};
		39353FAB2BCEC1C3008AF1D5 /* Kingfisher */ = {
			isa = XCSwiftPackageProductDependency;
			package = 39353FAA2BCEC1C3008AF1D5 /* XCRemoteSwiftPackageReference "Kingfisher" */;
			productName = Kingfisher;
		};
		395DEEE82BC7C58600488E50 /* SnapKit */ = {
			isa = XCSwiftPackageProductDependency;
			package = 395DEEE72BC7C58600488E50 /* XCRemoteSwiftPackageReference "SnapKit" */;
			productName = SnapKit;
		};
		395DEEF12BC7CF3B00488E50 /* RxCocoa */ = {
			isa = XCSwiftPackageProductDependency;
			package = 395DEEF02BC7CF3B00488E50 /* XCRemoteSwiftPackageReference "RxSwift" */;
			productName = RxCocoa;
		};
		395DEEF32BC7CF3B00488E50 /* RxSwift */ = {
			isa = XCSwiftPackageProductDependency;
			package = 395DEEF02BC7CF3B00488E50 /* XCRemoteSwiftPackageReference "RxSwift" */;
			productName = RxSwift;
		};
		395DEF012BC7DA7E00488E50 /* Alamofire */ = {
			isa = XCSwiftPackageProductDependency;
			package = 395DEF002BC7DA7E00488E50 /* XCRemoteSwiftPackageReference "Alamofire" */;
			productName = Alamofire;
		};
		396993DB2BE68A4D00504902 /* IQKeyboardManagerSwift */ = {
			isa = XCSwiftPackageProductDependency;
			package = 396993DA2BE68A4D00504902 /* XCRemoteSwiftPackageReference "IQKeyboardManager" */;
			productName = IQKeyboardManagerSwift;
		};
		39E495E62BE405E7002780D1 /* iamport-ios */ = {
			isa = XCSwiftPackageProductDependency;
			package = 39E495E52BE405E7002780D1 /* XCRemoteSwiftPackageReference "iamport-ios" */;
			productName = "iamport-ios";
		};
		39F1A2E02BD8FBEE00AE388A /* Toast */ = {
			isa = XCSwiftPackageProductDependency;
			package = 39F1A2DF2BD8FBEE00AE388A /* XCRemoteSwiftPackageReference "Toast-Swift" */;
			productName = Toast;
		};
		39F1A2E42BD9587E00AE388A /* Tabman */ = {
			isa = XCSwiftPackageProductDependency;
			package = 39F1A2E32BD9587E00AE388A /* XCRemoteSwiftPackageReference "Tabman" */;
			productName = Tabman;
		};
/* End XCSwiftPackageProductDependency section */
	};
	rootObject = 395DEEBF2BC7C08600488E50 /* Project object */;
}
